// !$*UTF8*$!
{
	archiveVersion = 1;
	classes = {
	};
	objectVersion = 90;
	objects = {

/* Begin PBXBuildFile section */
		8935E7842E7C21DB004BF684 /* Algorithms in Frameworks */ = {isa = PBXBuildFile; productRef = 8935E7832E7C21DB004BF684 /* Algorithms */; };
		8935E7872E7C2204004BF684 /* Lottie in Frameworks */ = {isa = PBXBuildFile; productRef = 8935E7862E7C2204004BF684 /* Lottie */; };
		8935E78C2E7C2260004BF684 /* FirebaseAuth in Frameworks */ = {isa = PBXBuildFile; productRef = 8935E78B2E7C2260004BF684 /* FirebaseAuth */; };
		8935E78E2E7C2260004BF684 /* FirebaseCore in Frameworks */ = {isa = PBXBuildFile; productRef = 8935E78D2E7C2260004BF684 /* FirebaseCore */; };
		8935E7932E7C2278004BF684 /* GoogleSignIn in Frameworks */ = {isa = PBXBuildFile; productRef = 8935E7922E7C2278004BF684 /* GoogleSignIn */; };
		8935E7952E7C2278004BF684 /* GoogleSignInSwift in Frameworks */ = {isa = PBXBuildFile; productRef = 8935E7942E7C2278004BF684 /* GoogleSignInSwift */; };
		89383AAB2E919C8800AF39E5 /* MijickPopups in Frameworks */ = {isa = PBXBuildFile; productRef = 89383AAA2E919C8800AF39E5 /* MijickPopups */; };
		8940C70D2E8A680E00E7B437 /* MCEmojiPicker in Frameworks */ = {isa = PBXBuildFile; productRef = 8940C70C2E8A680E00E7B437 /* MCEmojiPicker */; };
		8940C70F2E8A680E00E7B437 /* MCEmojiPickerJSON in Frameworks */ = {isa = PBXBuildFile; productRef = 8940C70E2E8A680E00E7B437 /* MCEmojiPickerJSON */; };
		8980C1512E9AA91C00E491FB /* FirebaseCrashlytics in Frameworks */ = {isa = PBXBuildFile; productRef = 8980C1502E9AA91C00E491FB /* FirebaseCrashlytics */; };
		8980C1532E9AA92400E491FB /* FirebaseRemoteConfig in Frameworks */ = {isa = PBXBuildFile; productRef = 8980C1522E9AA92400E491FB /* FirebaseRemoteConfig */; };
		8980C2172E9F880500E491FB /* FirebaseFirestore in Frameworks */ = {isa = PBXBuildFile; productRef = 8980C2162E9F880500E491FB /* FirebaseFirestore */; };
/* End PBXBuildFile section */

/* Begin PBXCopyFilesBuildPhase section */
		890C9EF52E4E05BA006E28C7 /* Embed Foundation Extensions */ = {
			isa = PBXCopyFilesBuildPhase;
			dstPath = "";
			dstSubfolder = None;
			files = (
			);
			name = "Embed Foundation Extensions";
		};
/* End PBXCopyFilesBuildPhase section */

/* Begin PBXFileReference section */
		890578662E97E182004D8D7A /* Habitto.xcodeproj */ = {isa = PBXFileReference; lastKnownFileType = "wrapper.pb-project"; path = Habitto.xcodeproj; sourceTree = "<group>"; };
		890C322F2E9A689F00E954EC /* Habitto.xcodeproj */ = {isa = PBXFileReference; lastKnownFileType = "wrapper.pb-project"; path = Habitto.xcodeproj; sourceTree = "<group>"; };
		890C392E2E9A6A0300E954EC /* Habitto.xcodeproj */ = {isa = PBXFileReference; lastKnownFileType = "wrapper.pb-project"; path = Habitto.xcodeproj; sourceTree = "<group>"; };
		890C406A2E9A71F300E954EC /* Habitto.xcodeproj */ = {isa = PBXFileReference; lastKnownFileType = "wrapper.pb-project"; path = Habitto.xcodeproj; sourceTree = "<group>"; };
		890C9EDC2E4E05B7006E28C7 /* WidgetKit.framework */ = {isa = PBXFileReference; lastKnownFileType = wrapper.framework; name = WidgetKit.framework; path = System/Library/Frameworks/WidgetKit.framework; sourceTree = SDKROOT; };
		890C9EDE2E4E05B8006E28C7 /* SwiftUI.framework */ = {isa = PBXFileReference; lastKnownFileType = wrapper.framework; name = SwiftUI.framework; path = System/Library/Frameworks/SwiftUI.framework; sourceTree = SDKROOT; };
		89125F8F2E76CD250060E3E3 /* Habitto.xcodeproj */ = {isa = PBXFileReference; lastKnownFileType = "wrapper.pb-project"; path = Habitto.xcodeproj; sourceTree = "<group>"; };
		891261022E76CD4E0060E3E3 /* Habitto.xcodeproj */ = {isa = PBXFileReference; lastKnownFileType = "wrapper.pb-project"; path = Habitto.xcodeproj; sourceTree = "<group>"; };
		891269F12E76DCE90060E3E3 /* Habitto.xcodeproj */ = {isa = PBXFileReference; lastKnownFileType = "wrapper.pb-project"; path = Habitto.xcodeproj; sourceTree = "<group>"; };
		8921B76D2E7B1F9E00E210F3 /* Habitto.xcodeproj */ = {isa = PBXFileReference; lastKnownFileType = "wrapper.pb-project"; path = Habitto.xcodeproj; sourceTree = "<group>"; };
		89276DCC2E7EB29100290FA5 /* Habitto.xcodeproj */ = {isa = PBXFileReference; lastKnownFileType = "wrapper.pb-project"; path = Habitto.xcodeproj; sourceTree = "<group>"; };
		892E53E92E96A6B100D6A1E0 /* Habitto.xcodeproj */ = {isa = PBXFileReference; lastKnownFileType = "wrapper.pb-project"; path = Habitto.xcodeproj; sourceTree = "<group>"; };
		892E618D2EA37F24008F5357 /* Habitto.xcodeproj */ = {isa = PBXFileReference; lastKnownFileType = "wrapper.pb-project"; path = Habitto.xcodeproj; sourceTree = "<group>"; };
		8935E4F92E7C21CE004BF684 /* Habitto.xcodeproj */ = {isa = PBXFileReference; lastKnownFileType = "wrapper.pb-project"; path = Habitto.xcodeproj; sourceTree = "<group>"; };
		8935F4F52E7C3813004BF684 /* Habitto.xcodeproj */ = {isa = PBXFileReference; lastKnownFileType = "wrapper.pb-project"; path = Habitto.xcodeproj; sourceTree = "<group>"; };
		893837612E918E4B00AF39E5 /* Habitto.xcodeproj */ = {isa = PBXFileReference; lastKnownFileType = "wrapper.pb-project"; path = Habitto.xcodeproj; sourceTree = "<group>"; };
		89397E8E2E7E812F004165F1 /* Habitto.xcodeproj */ = {isa = PBXFileReference; lastKnownFileType = "wrapper.pb-project"; path = Habitto.xcodeproj; sourceTree = "<group>"; };
		8940C3E62E8856E300E7B437 /* Habitto.xcodeproj */ = {isa = PBXFileReference; lastKnownFileType = "wrapper.pb-project"; path = Habitto.xcodeproj; sourceTree = "<group>"; };
		894347AD2E90021C0048EBE6 /* Habitto.xcodeproj */ = {isa = PBXFileReference; lastKnownFileType = "wrapper.pb-project"; path = Habitto.xcodeproj; sourceTree = "<group>"; };
		894AC2A52E76ED1C0090008F /* Habitto.xcodeproj */ = {isa = PBXFileReference; lastKnownFileType = "wrapper.pb-project"; path = Habitto.xcodeproj; sourceTree = "<group>"; };
		894D1C6E2E7C1C9E00C599CA /* Habitto.xcodeproj */ = {isa = PBXFileReference; lastKnownFileType = "wrapper.pb-project"; path = Habitto.xcodeproj; sourceTree = "<group>"; };
		8958CA932E92813400AC3DB8 /* Habitto.xcodeproj */ = {isa = PBXFileReference; lastKnownFileType = "wrapper.pb-project"; path = Habitto.xcodeproj; sourceTree = "<group>"; };
		8958E6692E93AC9800AC3DB8 /* Habitto.xcodeproj */ = {isa = PBXFileReference; lastKnownFileType = "wrapper.pb-project"; path = Habitto.xcodeproj; sourceTree = "<group>"; };
		8958E9BA2E93AEC900AC3DB8 /* HabittoAppIcon.icon */ = {isa = PBXFileReference; lastKnownFileType = wrapper; path = HabittoAppIcon.icon; sourceTree = "<group>"; };
		895EA6582E7C8288003252B5 /* Habitto.xcodeproj */ = {isa = PBXFileReference; lastKnownFileType = "wrapper.pb-project"; path = Habitto.xcodeproj; sourceTree = "<group>"; };
		895EAC272E7D8720003252B5 /* Habitto.xcodeproj */ = {isa = PBXFileReference; lastKnownFileType = "wrapper.pb-project"; path = Habitto.xcodeproj; sourceTree = "<group>"; };
		895EB1CF2E7D8760003252B5 /* Habitto.xcodeproj */ = {isa = PBXFileReference; lastKnownFileType = "wrapper.pb-project"; path = Habitto.xcodeproj; sourceTree = "<group>"; };
		895EB7772E7D879B003252B5 /* Habitto.xcodeproj */ = {isa = PBXFileReference; lastKnownFileType = "wrapper.pb-project"; path = Habitto.xcodeproj; sourceTree = "<group>"; };
		895EBD852E7D87EE003252B5 /* Habitto.xcodeproj */ = {isa = PBXFileReference; lastKnownFileType = "wrapper.pb-project"; path = Habitto.xcodeproj; sourceTree = "<group>"; };
		895EC3332E7D87F7003252B5 /* Habitto.xcodeproj */ = {isa = PBXFileReference; lastKnownFileType = "wrapper.pb-project"; path = Habitto.xcodeproj; sourceTree = "<group>"; };
		895EC8E52E7D888B003252B5 /* Habitto.xcodeproj */ = {isa = PBXFileReference; lastKnownFileType = "wrapper.pb-project"; path = Habitto.xcodeproj; sourceTree = "<group>"; };
		895FD3532E76F53E0091E179 /* Habitto.xcodeproj */ = {isa = PBXFileReference; lastKnownFileType = "wrapper.pb-project"; path = Habitto.xcodeproj; sourceTree = "<group>"; };
		895FD4D12E76F8520091E179 /* Habitto.xcodeproj */ = {isa = PBXFileReference; lastKnownFileType = "wrapper.pb-project"; path = Habitto.xcodeproj; sourceTree = "<group>"; };
		895FD64E2E76F8600091E179 /* Habitto.xcodeproj */ = {isa = PBXFileReference; lastKnownFileType = "wrapper.pb-project"; path = Habitto.xcodeproj; sourceTree = "<group>"; };
		895FD7CF2E76F9DD0091E179 /* Habitto.xcodeproj */ = {isa = PBXFileReference; lastKnownFileType = "wrapper.pb-project"; path = Habitto.xcodeproj; sourceTree = "<group>"; };
		896646E52E93C62C005211A3 /* Habitto.xcodeproj */ = {isa = PBXFileReference; lastKnownFileType = "wrapper.pb-project"; path = Habitto.xcodeproj; sourceTree = "<group>"; };
		8970D0EB2E76C98300217C78 /* Habitto.xcodeproj */ = {isa = PBXFileReference; lastKnownFileType = "wrapper.pb-project"; path = Habitto.xcodeproj; sourceTree = "<group>"; };
		897DB6BC2E8C4CDC00B830CA /* Habitto.xcodeproj */ = {isa = PBXFileReference; lastKnownFileType = "wrapper.pb-project"; path = Habitto.xcodeproj; sourceTree = "<group>"; };
		897F52CB2E9FFE1E00A788A0 /* Habitto.xcodeproj */ = {isa = PBXFileReference; lastKnownFileType = "wrapper.pb-project"; path = Habitto.xcodeproj; sourceTree = "<group>"; };
		8980BDF72E9AA21100E491FB /* Habitto.xcodeproj */ = {isa = PBXFileReference; lastKnownFileType = "wrapper.pb-project"; path = Habitto.xcodeproj; sourceTree = "<group>"; };
		8981CB352E78261200F23153 /* Habitto.xcodeproj */ = {isa = PBXFileReference; lastKnownFileType = "wrapper.pb-project"; path = Habitto.xcodeproj; sourceTree = "<group>"; };
		8981CCF52E782FE900F23153 /* Habitto.xcodeproj */ = {isa = PBXFileReference; lastKnownFileType = "wrapper.pb-project"; path = Habitto.xcodeproj; sourceTree = "<group>"; };
		898CB85C2E76FA0A009A038B /* Habitto.xcodeproj */ = {isa = PBXFileReference; lastKnownFileType = "wrapper.pb-project"; path = Habitto.xcodeproj; sourceTree = "<group>"; };
		898CBB5B2E76FA39009A038B /* Habitto.xcodeproj */ = {isa = PBXFileReference; lastKnownFileType = "wrapper.pb-project"; path = Habitto.xcodeproj; sourceTree = "<group>"; };
		898CBCDB2E76FA4C009A038B /* Habitto.xcodeproj */ = {isa = PBXFileReference; lastKnownFileType = "wrapper.pb-project"; path = Habitto.xcodeproj; sourceTree = "<group>"; };
		899297D02E9105E2003F9EE1 /* Habitto.xcodeproj */ = {isa = PBXFileReference; lastKnownFileType = "wrapper.pb-project"; path = Habitto.xcodeproj; sourceTree = "<group>"; };
		899994892E76E73D0032951C /* Habitto.xcodeproj */ = {isa = PBXFileReference; lastKnownFileType = "wrapper.pb-project"; path = Habitto.xcodeproj; sourceTree = "<group>"; };
		899A94112E76CA7D00D63889 /* Habitto.xcodeproj */ = {isa = PBXFileReference; lastKnownFileType = "wrapper.pb-project"; path = Habitto.xcodeproj; sourceTree = "<group>"; };
		89B2DFB42E8D70FA008AC70D /* Habitto.xcodeproj */ = {isa = PBXFileReference; lastKnownFileType = "wrapper.pb-project"; path = Habitto.xcodeproj; sourceTree = "<group>"; };
		89B401F72E8E92BD00F8D589 /* Habitto.xcodeproj */ = {isa = PBXFileReference; lastKnownFileType = "wrapper.pb-project"; path = Habitto.xcodeproj; sourceTree = "<group>"; };
		89B447E02E76EDD900374845 /* Habitto.xcodeproj */ = {isa = PBXFileReference; lastKnownFileType = "wrapper.pb-project"; path = Habitto.xcodeproj; sourceTree = "<group>"; };
		89B7F37B2E781D380028F8CE /* Habitto.xcodeproj */ = {isa = PBXFileReference; lastKnownFileType = "wrapper.pb-project"; path = Habitto.xcodeproj; sourceTree = "<group>"; };
		89BD4D1B2E7D89B000A382AE /* Habitto.xcodeproj */ = {isa = PBXFileReference; lastKnownFileType = "wrapper.pb-project"; path = Habitto.xcodeproj; sourceTree = "<group>"; };
		89C17A372DF73D8A00B2480F /* Habitto.app */ = {isa = PBXFileReference; explicitFileType = wrapper.application; includeInIndex = 0; path = Habitto.app; sourceTree = BUILT_PRODUCTS_DIR; };
		89C4015F2E9A90E7000B71EB /* Habitto.xcodeproj */ = {isa = PBXFileReference; lastKnownFileType = "wrapper.pb-project"; path = Habitto.xcodeproj; sourceTree = "<group>"; };
		89C4CF1C2E9A7742000B71EB /* Habitto.xcodeproj */ = {isa = PBXFileReference; lastKnownFileType = "wrapper.pb-project"; path = Habitto.xcodeproj; sourceTree = "<group>"; };
		89CD9D6B2E9FF0EB007D872C /* Habitto.xcodeproj */ = {isa = PBXFileReference; lastKnownFileType = "wrapper.pb-project"; path = Habitto.xcodeproj; sourceTree = "<group>"; };
		89D4016F2E7DBA7900E1D1B9 /* Habitto.xcodeproj */ = {isa = PBXFileReference; lastKnownFileType = "wrapper.pb-project"; path = Habitto.xcodeproj; sourceTree = "<group>"; };
		89D509052E7821C100B9E427 /* Habitto.xcodeproj */ = {isa = PBXFileReference; lastKnownFileType = "wrapper.pb-project"; path = Habitto.xcodeproj; sourceTree = "<group>"; };
		89E8B68A2E913DA60039BCF8 /* Habitto.xcodeproj */ = {isa = PBXFileReference; lastKnownFileType = "wrapper.pb-project"; path = Habitto.xcodeproj; sourceTree = "<group>"; };
		89EC77172E76E30E008712BA /* Habitto.xcodeproj */ = {isa = PBXFileReference; lastKnownFileType = "wrapper.pb-project"; path = Habitto.xcodeproj; sourceTree = "<group>"; };
		89F103C62E76CBE30024AC3B /* Habitto.xcodeproj */ = {isa = PBXFileReference; lastKnownFileType = "wrapper.pb-project"; path = Habitto.xcodeproj; sourceTree = "<group>"; };
		89F105362E76CCE10024AC3B /* Habitto.xcodeproj */ = {isa = PBXFileReference; lastKnownFileType = "wrapper.pb-project"; path = Habitto.xcodeproj; sourceTree = "<group>"; };
		89F1FF7A2E76CBB30024AC3B /* Habitto.xcodeproj */ = {isa = PBXFileReference; lastKnownFileType = "wrapper.pb-project"; path = Habitto.xcodeproj; sourceTree = "<group>"; };
		89F590442E76EBC300007BFB /* Habitto.xcodeproj */ = {isa = PBXFileReference; lastKnownFileType = "wrapper.pb-project"; path = Habitto.xcodeproj; sourceTree = "<group>"; };
		89F644942E8BC3C3009417BE /* Habitto.xcodeproj */ = {isa = PBXFileReference; lastKnownFileType = "wrapper.pb-project"; path = Habitto.xcodeproj; sourceTree = "<group>"; };
		89F79B1F2E7833C000E7F316 /* Habitto.xcodeproj */ = {isa = PBXFileReference; lastKnownFileType = "wrapper.pb-project"; path = Habitto.xcodeproj; sourceTree = "<group>"; };
/* End PBXFileReference section */

/* Begin PBXFileSystemSynchronizedBuildFileExceptionSet section */
		8940C6EE2E885F2D00E7B437 /* Exceptions for "." folder in "Habitto" target */ = {
			isa = PBXFileSystemSynchronizedBuildFileExceptionSet;
			membershipExceptions = (
				"Config/App-Info.plist",
			);
			target = 89C17A362DF73D8A00B2480F /* Habitto */;
		};
/* End PBXFileSystemSynchronizedBuildFileExceptionSet section */

/* Begin PBXFileSystemSynchronizedRootGroup section */
		89C17A392DF73D8A00B2480F /* . */ = {
			isa = PBXFileSystemSynchronizedRootGroup;
			exceptions = (
				8940C6EE2E885F2D00E7B437 /* Exceptions for "." folder in "Habitto" target */,
			);
			path = .;
			sourceTree = "<group>";
		};
/* End PBXFileSystemSynchronizedRootGroup section */

/* Begin PBXFrameworksBuildPhase section */
		89C17A342DF73D8A00B2480F /* Frameworks */ = {
			isa = PBXFrameworksBuildPhase;
			files = (
				8980C1532E9AA92400E491FB /* FirebaseRemoteConfig in Frameworks */,
				8935E7842E7C21DB004BF684 /* Algorithms in Frameworks */,
				8935E78E2E7C2260004BF684 /* FirebaseCore in Frameworks */,
				8935E7952E7C2278004BF684 /* GoogleSignInSwift in Frameworks */,
				8935E7872E7C2204004BF684 /* Lottie in Frameworks */,
				8980C2172E9F880500E491FB /* FirebaseFirestore in Frameworks */,
				89383AAB2E919C8800AF39E5 /* MijickPopups in Frameworks */,
				8935E78C2E7C2260004BF684 /* FirebaseAuth in Frameworks */,
				8940C70F2E8A680E00E7B437 /* MCEmojiPickerJSON in Frameworks */,
				8980C1512E9AA91C00E491FB /* FirebaseCrashlytics in Frameworks */,
				8935E7932E7C2278004BF684 /* GoogleSignIn in Frameworks */,
				8940C70D2E8A680E00E7B437 /* MCEmojiPicker in Frameworks */,
			);
		};
/* End PBXFrameworksBuildPhase section */

/* Begin PBXGroup section */
		890578772E97E182004D8D7A /* Products */ = {
			isa = PBXGroup;
			name = Products;
			sourceTree = "<group>";
		};
		890C32402E9A689F00E954EC /* Products */ = {
			isa = PBXGroup;
			name = Products;
			sourceTree = "<group>";
		};
		890C39412E9A6A0300E954EC /* Products */ = {
			isa = PBXGroup;
			name = Products;
			sourceTree = "<group>";
		};
		890C407D2E9A71F300E954EC /* Products */ = {
			isa = PBXGroup;
			name = Products;
			sourceTree = "<group>";
		};
		890C9EDB2E4E05B7006E28C7 /* Frameworks */ = {
			isa = PBXGroup;
			children = (
				890C9EDC2E4E05B7006E28C7 /* WidgetKit.framework */,
				890C9EDE2E4E05B8006E28C7 /* SwiftUI.framework */,
			);
			name = Frameworks;
			sourceTree = "<group>";
		};
		89125F942E76CD250060E3E3 /* Products */ = {
			isa = PBXGroup;
			children = (
			);
			name = Products;
			sourceTree = "<group>";
		};
		891261072E76CD4E0060E3E3 /* Products */ = {
			isa = PBXGroup;
			children = (
			);
			name = Products;
			sourceTree = "<group>";
		};
		891269F62E76DCE90060E3E3 /* Products */ = {
			isa = PBXGroup;
			children = (
			);
			name = Products;
			sourceTree = "<group>";
		};
		8921B7712E7B1F9E00E210F3 /* Products */ = {
			isa = PBXGroup;
			name = Products;
			sourceTree = "<group>";
		};
		89276DD02E7EB29100290FA5 /* Products */ = {
			isa = PBXGroup;
			name = Products;
			sourceTree = "<group>";
		};
		892E53FA2E96A6B100D6A1E0 /* Products */ = {
			isa = PBXGroup;
			name = Products;
			sourceTree = "<group>";
		};
		892E61B72EA37F24008F5357 /* Products */ = {
			isa = PBXGroup;
			name = Products;
			sourceTree = "<group>";
		};
		8935E4FD2E7C21CE004BF684 /* Products */ = {
			isa = PBXGroup;
			name = Products;
			sourceTree = "<group>";
		};
		8935F4F92E7C3813004BF684 /* Products */ = {
			isa = PBXGroup;
			name = Products;
			sourceTree = "<group>";
		};
		893837702E918E4B00AF39E5 /* Products */ = {
			isa = PBXGroup;
			name = Products;
			sourceTree = "<group>";
		};
		89397E922E7E812F004165F1 /* Products */ = {
			isa = PBXGroup;
			name = Products;
			sourceTree = "<group>";
		};
		8940C3ED2E8856E300E7B437 /* Products */ = {
			isa = PBXGroup;
			name = Products;
			sourceTree = "<group>";
		};
		894347BC2E90021C0048EBE6 /* Products */ = {
			isa = PBXGroup;
			name = Products;
			sourceTree = "<group>";
		};
		894AC2AA2E76ED1C0090008F /* Products */ = {
			isa = PBXGroup;
			children = (
			);
			name = Products;
			sourceTree = "<group>";
		};
		894D1C722E7C1C9E00C599CA /* Products */ = {
			isa = PBXGroup;
			name = Products;
			sourceTree = "<group>";
		};
		8958CAA32E92813400AC3DB8 /* Products */ = {
			isa = PBXGroup;
			name = Products;
			sourceTree = "<group>";
		};
		8958E6792E93AC9800AC3DB8 /* Products */ = {
			isa = PBXGroup;
			name = Products;
			sourceTree = "<group>";
		};
		895EA65C2E7C8289003252B5 /* Products */ = {
			isa = PBXGroup;
			name = Products;
			sourceTree = "<group>";
		};
		895EAC2B2E7D8720003252B5 /* Products */ = {
			isa = PBXGroup;
			name = Products;
			sourceTree = "<group>";
		};
		895EB1D32E7D8760003252B5 /* Products */ = {
			isa = PBXGroup;
			name = Products;
			sourceTree = "<group>";
		};
		895EB77C2E7D879B003252B5 /* Products */ = {
			isa = PBXGroup;
			name = Products;
			sourceTree = "<group>";
		};
		895EBD8A2E7D87EE003252B5 /* Products */ = {
			isa = PBXGroup;
			name = Products;
			sourceTree = "<group>";
		};
		895EC3372E7D87F7003252B5 /* Products */ = {
			isa = PBXGroup;
			name = Products;
			sourceTree = "<group>";
		};
		895EC8EA2E7D888B003252B5 /* Products */ = {
			isa = PBXGroup;
			name = Products;
			sourceTree = "<group>";
		};
		895FD3582E76F53E0091E179 /* Products */ = {
			isa = PBXGroup;
			children = (
			);
			name = Products;
			sourceTree = "<group>";
		};
		895FD4D62E76F8520091E179 /* Products */ = {
			isa = PBXGroup;
			children = (
			);
			name = Products;
			sourceTree = "<group>";
		};
		895FD6532E76F8600091E179 /* Products */ = {
			isa = PBXGroup;
			children = (
			);
			name = Products;
			sourceTree = "<group>";
		};
		895FD7D42E76F9DD0091E179 /* Products */ = {
			isa = PBXGroup;
			children = (
			);
			name = Products;
			sourceTree = "<group>";
		};
		896646F62E93C62C005211A3 /* Products */ = {
			isa = PBXGroup;
			name = Products;
			sourceTree = "<group>";
		};
		8970D0F02E76C98300217C78 /* Products */ = {
			isa = PBXGroup;
			children = (
			);
			name = Products;
			sourceTree = "<group>";
		};
		897DB6C32E8C4CDC00B830CA /* Products */ = {
			isa = PBXGroup;
			name = Products;
			sourceTree = "<group>";
		};
		897F52DE2E9FFE1E00A788A0 /* Products */ = {
			isa = PBXGroup;
			name = Products;
			sourceTree = "<group>";
		};
		8980BDFC2E9AA21100E491FB /* Products */ = {
			isa = PBXGroup;
			name = Products;
			sourceTree = "<group>";
		};
		8981CB392E78261200F23153 /* Products */ = {
			isa = PBXGroup;
			children = (
			);
			name = Products;
			sourceTree = "<group>";
		};
		8981CCFA2E782FE900F23153 /* Products */ = {
			isa = PBXGroup;
			name = Products;
			sourceTree = "<group>";
		};
		898CB8612E76FA0A009A038B /* Products */ = {
			isa = PBXGroup;
			children = (
			);
			name = Products;
			sourceTree = "<group>";
		};
		898CBB602E76FA39009A038B /* Products */ = {
			isa = PBXGroup;
			children = (
			);
			name = Products;
			sourceTree = "<group>";
		};
		898CBCE02E76FA4C009A038B /* Products */ = {
			isa = PBXGroup;
			children = (
			);
			name = Products;
			sourceTree = "<group>";
		};
		899297DF2E9105E2003F9EE1 /* Products */ = {
			isa = PBXGroup;
			name = Products;
			sourceTree = "<group>";
		};
		8999948E2E76E73D0032951C /* Products */ = {
			isa = PBXGroup;
			children = (
			);
			name = Products;
			sourceTree = "<group>";
		};
		899A94162E76CA7D00D63889 /* Products */ = {
			isa = PBXGroup;
			children = (
			);
			name = Products;
			sourceTree = "<group>";
		};
		89B2DFC22E8D70FA008AC70D /* Products */ = {
			isa = PBXGroup;
			name = Products;
			sourceTree = "<group>";
		};
		89B402052E8E92BD00F8D589 /* Products */ = {
			isa = PBXGroup;
			name = Products;
			sourceTree = "<group>";
		};
		89B447E52E76EDD900374845 /* Products */ = {
			isa = PBXGroup;
			children = (
			);
			name = Products;
			sourceTree = "<group>";
		};
		89B7F37F2E781D380028F8CE /* Products */ = {
			isa = PBXGroup;
			children = (
			);
			name = Products;
			sourceTree = "<group>";
		};
		89BD4D1F2E7D89B000A382AE /* Products */ = {
			isa = PBXGroup;
			name = Products;
			sourceTree = "<group>";
		};
		89C17A2E2DF73D8A00B2480F = {
			isa = PBXGroup;
			children = (
				89C17A392DF73D8A00B2480F /* . */,
				890C9EDB2E4E05B7006E28C7 /* Frameworks */,
				89C17A382DF73D8A00B2480F /* Products */,
				8958E9BA2E93AEC900AC3DB8 /* HabittoAppIcon.icon */,
			);
			sourceTree = "<group>";
		};
		89C17A382DF73D8A00B2480F /* Products */ = {
			isa = PBXGroup;
			children = (
				89C17A372DF73D8A00B2480F /* Habitto.app */,
			);
			name = Products;
			sourceTree = "<group>";
		};
		89C401642E9A90E7000B71EB /* Products */ = {
			isa = PBXGroup;
			name = Products;
			sourceTree = "<group>";
		};
		89C4CF312E9A7742000B71EB /* Products */ = {
			isa = PBXGroup;
			name = Products;
			sourceTree = "<group>";
		};
		89CD9D7E2E9FF0EB007D872C /* Products */ = {
			isa = PBXGroup;
			name = Products;
			sourceTree = "<group>";
		};
		89D401732E7DBA7900E1D1B9 /* Products */ = {
			isa = PBXGroup;
			name = Products;
			sourceTree = "<group>";
		};
		89D509092E7821C100B9E427 /* Products */ = {
			isa = PBXGroup;
			children = (
			);
			name = Products;
			sourceTree = "<group>";
		};
		89E8B6992E913DA60039BCF8 /* Products */ = {
			isa = PBXGroup;
			name = Products;
			sourceTree = "<group>";
		};
		89EC771C2E76E30E008712BA /* Products */ = {
			isa = PBXGroup;
			children = (
			);
			name = Products;
			sourceTree = "<group>";
		};
		89F103CB2E76CBE30024AC3B /* Products */ = {
			isa = PBXGroup;
			children = (
			);
			name = Products;
			sourceTree = "<group>";
		};
		89F1053B2E76CCE10024AC3B /* Products */ = {
			isa = PBXGroup;
			children = (
			);
			name = Products;
			sourceTree = "<group>";
		};
		89F1FF7F2E76CBB30024AC3B /* Products */ = {
			isa = PBXGroup;
			children = (
			);
			name = Products;
			sourceTree = "<group>";
		};
		89F590492E76EBC300007BFB /* Products */ = {
			isa = PBXGroup;
			children = (
			);
			name = Products;
			sourceTree = "<group>";
		};
		89F6449A2E8BC3C4009417BE /* Products */ = {
			isa = PBXGroup;
			name = Products;
			sourceTree = "<group>";
		};
		89F79B232E7833C000E7F316 /* Products */ = {
			isa = PBXGroup;
			name = Products;
			sourceTree = "<group>";
		};
/* End PBXGroup section */

/* Begin PBXNativeTarget section */
		89C17A362DF73D8A00B2480F /* Habitto */ = {
			isa = PBXNativeTarget;
			buildConfigurationList = 89C17A422DF73D8C00B2480F /* Build configuration list for PBXNativeTarget "Habitto" */;
			buildPhases = (
				89C17A332DF73D8A00B2480F /* Sources */,
				89C17A342DF73D8A00B2480F /* Frameworks */,
				89C17A352DF73D8A00B2480F /* Resources */,
				890C9EF52E4E05BA006E28C7 /* Embed Foundation Extensions */,
			);
			buildRules = (
			);
			fileSystemSynchronizedGroups = (
				89C17A392DF73D8A00B2480F /* . */,
			);
			name = Habitto;
			packageProductDependencies = (
				8935E7832E7C21DB004BF684 /* Algorithms */,
				8935E7862E7C2204004BF684 /* Lottie */,
				8935E78B2E7C2260004BF684 /* FirebaseAuth */,
				8935E78D2E7C2260004BF684 /* FirebaseCore */,
				8935E7922E7C2278004BF684 /* GoogleSignIn */,
				8935E7942E7C2278004BF684 /* GoogleSignInSwift */,
				8940C70C2E8A680E00E7B437 /* MCEmojiPicker */,
				8940C70E2E8A680E00E7B437 /* MCEmojiPickerJSON */,
				89383AAA2E919C8800AF39E5 /* MijickPopups */,
				8980C1502E9AA91C00E491FB /* FirebaseCrashlytics */,
				8980C1522E9AA92400E491FB /* FirebaseRemoteConfig */,
				8980C2162E9F880500E491FB /* FirebaseFirestore */,
			);
			productName = Habitto;
			productReference = 89C17A372DF73D8A00B2480F /* Habitto.app */;
			productType = "com.apple.product-type.application";
		};
/* End PBXNativeTarget section */

/* Begin PBXProject section */
		89C17A2F2DF73D8A00B2480F /* Project object */ = {
			isa = PBXProject;
			attributes = {
				BuildIndependentTargetsInParallel = 1;
				LastSwiftUpdateCheck = 1640;
				LastUpgradeCheck = 2600;
				TargetAttributes = {
					89C17A362DF73D8A00B2480F = {
						CreatedOnToolsVersion = 16.3;
					};
				};
			};
			buildConfigurationList = 89C17A322DF73D8A00B2480F /* Build configuration list for PBXProject "Habitto" */;
			developmentRegion = en;
			hasScannedForEncodings = 0;
			knownRegions = (
				en,
				Base,
			);
			mainGroup = 89C17A2E2DF73D8A00B2480F;
			minimizedProjectReferenceProxies = 1;
			packageReferences = (
				8935E7822E7C21DB004BF684 /* XCRemoteSwiftPackageReference "swift-algorithms" */,
				8935E7852E7C2204004BF684 /* XCRemoteSwiftPackageReference "lottie-spm" */,
				8935E7882E7C2260004BF684 /* XCRemoteSwiftPackageReference "firebase-ios-sdk" */,
				8935E7912E7C2278004BF684 /* XCRemoteSwiftPackageReference "GoogleSignIn-iOS" */,
				8940C70B2E8A680E00E7B437 /* XCRemoteSwiftPackageReference "MCEmojiPicker" */,
				89383AA92E919C8800AF39E5 /* XCRemoteSwiftPackageReference "Popups" */,
			);
			preferredProjectObjectVersion = 90;
			productRefGroup = 89C17A382DF73D8A00B2480F /* Products */;
			projectDirPath = "";
			projectReferences = (
				{
					ProductGroup = 895EB1D32E7D8760003252B5 /* Products */;
					ProjectRef = 895EB1CF2E7D8760003252B5 /* Habitto.xcodeproj */;
				},
				{
					ProductGroup = 89C4CF312E9A7742000B71EB /* Products */;
					ProjectRef = 89C4CF1C2E9A7742000B71EB /* Habitto.xcodeproj */;
				},
				{
					ProductGroup = 8958CAA32E92813400AC3DB8 /* Products */;
					ProjectRef = 8958CA932E92813400AC3DB8 /* Habitto.xcodeproj */;
				},
				{
					ProductGroup = 895EA65C2E7C8289003252B5 /* Products */;
					ProjectRef = 895EA6582E7C8288003252B5 /* Habitto.xcodeproj */;
				},
				{
					ProductGroup = 89E8B6992E913DA60039BCF8 /* Products */;
					ProjectRef = 89E8B68A2E913DA60039BCF8 /* Habitto.xcodeproj */;
				},
				{
					ProductGroup = 890C407D2E9A71F300E954EC /* Products */;
					ProjectRef = 890C406A2E9A71F300E954EC /* Habitto.xcodeproj */;
				},
				{
					ProductGroup = 891269F62E76DCE90060E3E3 /* Products */;
					ProjectRef = 891269F12E76DCE90060E3E3 /* Habitto.xcodeproj */;
				},
				{
					ProductGroup = 899297DF2E9105E2003F9EE1 /* Products */;
					ProjectRef = 899297D02E9105E2003F9EE1 /* Habitto.xcodeproj */;
				},
				{
					ProductGroup = 899A94162E76CA7D00D63889 /* Products */;
					ProjectRef = 899A94112E76CA7D00D63889 /* Habitto.xcodeproj */;
				},
				{
					ProductGroup = 89D509092E7821C100B9E427 /* Products */;
					ProjectRef = 89D509052E7821C100B9E427 /* Habitto.xcodeproj */;
				},
				{
					ProductGroup = 89F1FF7F2E76CBB30024AC3B /* Products */;
					ProjectRef = 89F1FF7A2E76CBB30024AC3B /* Habitto.xcodeproj */;
				},
				{
					ProductGroup = 8980BDFC2E9AA21100E491FB /* Products */;
					ProjectRef = 8980BDF72E9AA21100E491FB /* Habitto.xcodeproj */;
				},
				{
					ProductGroup = 89F103CB2E76CBE30024AC3B /* Products */;
					ProjectRef = 89F103C62E76CBE30024AC3B /* Habitto.xcodeproj */;
				},
				{
					ProductGroup = 895EAC2B2E7D8720003252B5 /* Products */;
					ProjectRef = 895EAC272E7D8720003252B5 /* Habitto.xcodeproj */;
				},
				{
					ProductGroup = 8921B7712E7B1F9E00E210F3 /* Products */;
					ProjectRef = 8921B76D2E7B1F9E00E210F3 /* Habitto.xcodeproj */;
				},
				{
					ProductGroup = 895EB77C2E7D879B003252B5 /* Products */;
					ProjectRef = 895EB7772E7D879B003252B5 /* Habitto.xcodeproj */;
				},
				{
					ProductGroup = 898CBB602E76FA39009A038B /* Products */;
					ProjectRef = 898CBB5B2E76FA39009A038B /* Habitto.xcodeproj */;
				},
				{
					ProductGroup = 89BD4D1F2E7D89B000A382AE /* Products */;
					ProjectRef = 89BD4D1B2E7D89B000A382AE /* Habitto.xcodeproj */;
				},
				{
					ProductGroup = 895FD7D42E76F9DD0091E179 /* Products */;
					ProjectRef = 895FD7CF2E76F9DD0091E179 /* Habitto.xcodeproj */;
				},
				{
					ProductGroup = 89F6449A2E8BC3C4009417BE /* Products */;
					ProjectRef = 89F644942E8BC3C3009417BE /* Habitto.xcodeproj */;
				},
				{
					ProductGroup = 893837702E918E4B00AF39E5 /* Products */;
					ProjectRef = 893837612E918E4B00AF39E5 /* Habitto.xcodeproj */;
				},
				{
					ProductGroup = 896646F62E93C62C005211A3 /* Products */;
					ProjectRef = 896646E52E93C62C005211A3 /* Habitto.xcodeproj */;
				},
				{
					ProductGroup = 895EC3372E7D87F7003252B5 /* Products */;
					ProjectRef = 895EC3332E7D87F7003252B5 /* Habitto.xcodeproj */;
				},
				{
					ProductGroup = 895EC8EA2E7D888B003252B5 /* Products */;
					ProjectRef = 895EC8E52E7D888B003252B5 /* Habitto.xcodeproj */;
				},
				{
					ProductGroup = 89F590492E76EBC300007BFB /* Products */;
					ProjectRef = 89F590442E76EBC300007BFB /* Habitto.xcodeproj */;
				},
				{
					ProductGroup = 8999948E2E76E73D0032951C /* Products */;
					ProjectRef = 899994892E76E73D0032951C /* Habitto.xcodeproj */;
				},
				{
					ProductGroup = 89CD9D7E2E9FF0EB007D872C /* Products */;
					ProjectRef = 89CD9D6B2E9FF0EB007D872C /* Habitto.xcodeproj */;
				},
				{
					ProductGroup = 890C39412E9A6A0300E954EC /* Products */;
					ProjectRef = 890C392E2E9A6A0300E954EC /* Habitto.xcodeproj */;
				},
				{
					ProductGroup = 89276DD02E7EB29100290FA5 /* Products */;
					ProjectRef = 89276DCC2E7EB29100290FA5 /* Habitto.xcodeproj */;
				},
				{
					ProductGroup = 895FD3582E76F53E0091E179 /* Products */;
					ProjectRef = 895FD3532E76F53E0091E179 /* Habitto.xcodeproj */;
				},
				{
					ProductGroup = 89F1053B2E76CCE10024AC3B /* Products */;
					ProjectRef = 89F105362E76CCE10024AC3B /* Habitto.xcodeproj */;
				},
				{
					ProductGroup = 895FD4D62E76F8520091E179 /* Products */;
					ProjectRef = 895FD4D12E76F8520091E179 /* Habitto.xcodeproj */;
				},
				{
					ProductGroup = 892E53FA2E96A6B100D6A1E0 /* Products */;
					ProjectRef = 892E53E92E96A6B100D6A1E0 /* Habitto.xcodeproj */;
				},
				{
					ProductGroup = 8970D0F02E76C98300217C78 /* Products */;
					ProjectRef = 8970D0EB2E76C98300217C78 /* Habitto.xcodeproj */;
				},
				{
					ProductGroup = 895EBD8A2E7D87EE003252B5 /* Products */;
					ProjectRef = 895EBD852E7D87EE003252B5 /* Habitto.xcodeproj */;
				},
				{
					ProductGroup = 897F52DE2E9FFE1E00A788A0 /* Products */;
					ProjectRef = 897F52CB2E9FFE1E00A788A0 /* Habitto.xcodeproj */;
				},
				{
					ProductGroup = 894347BC2E90021C0048EBE6 /* Products */;
					ProjectRef = 894347AD2E90021C0048EBE6 /* Habitto.xcodeproj */;
				},
				{
					ProductGroup = 894AC2AA2E76ED1C0090008F /* Products */;
					ProjectRef = 894AC2A52E76ED1C0090008F /* Habitto.xcodeproj */;
				},
				{
					ProductGroup = 898CB8612E76FA0A009A038B /* Products */;
					ProjectRef = 898CB85C2E76FA0A009A038B /* Habitto.xcodeproj */;
				},
				{
					ProductGroup = 89F79B232E7833C000E7F316 /* Products */;
					ProjectRef = 89F79B1F2E7833C000E7F316 /* Habitto.xcodeproj */;
				},
				{
					ProductGroup = 89C401642E9A90E7000B71EB /* Products */;
					ProjectRef = 89C4015F2E9A90E7000B71EB /* Habitto.xcodeproj */;
				},
				{
					ProductGroup = 8935F4F92E7C3813004BF684 /* Products */;
					ProjectRef = 8935F4F52E7C3813004BF684 /* Habitto.xcodeproj */;
				},
				{
					ProductGroup = 894D1C722E7C1C9E00C599CA /* Products */;
					ProjectRef = 894D1C6E2E7C1C9E00C599CA /* Habitto.xcodeproj */;
				},
				{
					ProductGroup = 89397E922E7E812F004165F1 /* Products */;
					ProjectRef = 89397E8E2E7E812F004165F1 /* Habitto.xcodeproj */;
				},
				{
					ProductGroup = 8981CB392E78261200F23153 /* Products */;
					ProjectRef = 8981CB352E78261200F23153 /* Habitto.xcodeproj */;
				},
				{
					ProductGroup = 895FD6532E76F8600091E179 /* Products */;
					ProjectRef = 895FD64E2E76F8600091E179 /* Habitto.xcodeproj */;
				},
				{
					ProductGroup = 89B7F37F2E781D380028F8CE /* Products */;
					ProjectRef = 89B7F37B2E781D380028F8CE /* Habitto.xcodeproj */;
				},
				{
					ProductGroup = 8940C3ED2E8856E300E7B437 /* Products */;
					ProjectRef = 8940C3E62E8856E300E7B437 /* Habitto.xcodeproj */;
				},
				{
					ProductGroup = 897DB6C32E8C4CDC00B830CA /* Products */;
					ProjectRef = 897DB6BC2E8C4CDC00B830CA /* Habitto.xcodeproj */;
				},
				{
					ProductGroup = 8981CCFA2E782FE900F23153 /* Products */;
					ProjectRef = 8981CCF52E782FE900F23153 /* Habitto.xcodeproj */;
				},
				{
					ProductGroup = 89EC771C2E76E30E008712BA /* Products */;
					ProjectRef = 89EC77172E76E30E008712BA /* Habitto.xcodeproj */;
				},
				{
					ProductGroup = 89B402052E8E92BD00F8D589 /* Products */;
					ProjectRef = 89B401F72E8E92BD00F8D589 /* Habitto.xcodeproj */;
				},
				{
					ProductGroup = 89125F942E76CD250060E3E3 /* Products */;
					ProjectRef = 89125F8F2E76CD250060E3E3 /* Habitto.xcodeproj */;
				},
				{
					ProductGroup = 890C32402E9A689F00E954EC /* Products */;
					ProjectRef = 890C322F2E9A689F00E954EC /* Habitto.xcodeproj */;
				},
				{
					ProductGroup = 892E61B72EA37F24008F5357 /* Products */;
					ProjectRef = 892E618D2EA37F24008F5357 /* Habitto.xcodeproj */;
				},
				{
					ProductGroup = 898CBCE02E76FA4C009A038B /* Products */;
					ProjectRef = 898CBCDB2E76FA4C009A038B /* Habitto.xcodeproj */;
				},
				{
					ProductGroup = 89D401732E7DBA7900E1D1B9 /* Products */;
					ProjectRef = 89D4016F2E7DBA7900E1D1B9 /* Habitto.xcodeproj */;
				},
				{
					ProductGroup = 89B2DFC22E8D70FA008AC70D /* Products */;
					ProjectRef = 89B2DFB42E8D70FA008AC70D /* Habitto.xcodeproj */;
				},
				{
					ProductGroup = 890578772E97E182004D8D7A /* Products */;
					ProjectRef = 890578662E97E182004D8D7A /* Habitto.xcodeproj */;
				},
				{
					ProductGroup = 8958E6792E93AC9800AC3DB8 /* Products */;
					ProjectRef = 8958E6692E93AC9800AC3DB8 /* Habitto.xcodeproj */;
				},
				{
					ProductGroup = 89B447E52E76EDD900374845 /* Products */;
					ProjectRef = 89B447E02E76EDD900374845 /* Habitto.xcodeproj */;
				},
				{
					ProductGroup = 891261072E76CD4E0060E3E3 /* Products */;
					ProjectRef = 891261022E76CD4E0060E3E3 /* Habitto.xcodeproj */;
				},
				{
					ProductGroup = 8935E4FD2E7C21CE004BF684 /* Products */;
					ProjectRef = 8935E4F92E7C21CE004BF684 /* Habitto.xcodeproj */;
				},
			);
			projectRoot = "";
			targets = (
				89C17A362DF73D8A00B2480F /* Habitto */,
			);
		};
/* End PBXProject section */

/* Begin PBXResourcesBuildPhase section */
		89C17A352DF73D8A00B2480F /* Resources */ = {
			isa = PBXResourcesBuildPhase;
			files = (
			);
		};
/* End PBXResourcesBuildPhase section */

/* Begin PBXSourcesBuildPhase section */
		89C17A332DF73D8A00B2480F /* Sources */ = {
			isa = PBXSourcesBuildPhase;
			files = (
			);
		};
/* End PBXSourcesBuildPhase section */

/* Begin XCBuildConfiguration section */
		89C17A402DF73D8C00B2480F /* Debug configuration for PBXProject "Habitto" */ = {
			isa = XCBuildConfiguration;
			buildSettings = {
				ALWAYS_SEARCH_USER_PATHS = NO;
				ASSETCATALOG_COMPILER_GENERATE_SWIFT_ASSET_SYMBOL_EXTENSIONS = YES;
				CLANG_ANALYZER_NONNULL = YES;
				CLANG_ANALYZER_NUMBER_OBJECT_CONVERSION = YES_AGGRESSIVE;
				CLANG_CXX_LANGUAGE_STANDARD = "gnu++20";
				CLANG_ENABLE_MODULES = YES;
				CLANG_ENABLE_OBJC_ARC = YES;
				CLANG_ENABLE_OBJC_WEAK = YES;
				CLANG_WARN_BLOCK_CAPTURE_AUTORELEASING = YES;
				CLANG_WARN_BOOL_CONVERSION = YES;
				CLANG_WARN_COMMA = YES;
				CLANG_WARN_CONSTANT_CONVERSION = YES;
				CLANG_WARN_DEPRECATED_OBJC_IMPLEMENTATIONS = YES;
				CLANG_WARN_DIRECT_OBJC_ISA_USAGE = YES_ERROR;
				CLANG_WARN_DOCUMENTATION_COMMENTS = YES;
				CLANG_WARN_EMPTY_BODY = YES;
				CLANG_WARN_ENUM_CONVERSION = YES;
				CLANG_WARN_INFINITE_RECURSION = YES;
				CLANG_WARN_INT_CONVERSION = YES;
				CLANG_WARN_NON_LITERAL_NULL_CONVERSION = YES;
				CLANG_WARN_OBJC_IMPLICIT_RETAIN_SELF = YES;
				CLANG_WARN_OBJC_LITERAL_CONVERSION = YES;
				CLANG_WARN_OBJC_ROOT_CLASS = YES_ERROR;
				CLANG_WARN_QUOTED_INCLUDE_IN_FRAMEWORK_HEADER = YES;
				CLANG_WARN_RANGE_LOOP_ANALYSIS = YES;
				CLANG_WARN_STRICT_PROTOTYPES = YES;
				CLANG_WARN_SUSPICIOUS_MOVE = YES;
				CLANG_WARN_UNGUARDED_AVAILABILITY = YES_AGGRESSIVE;
				CLANG_WARN_UNREACHABLE_CODE = YES;
				CLANG_WARN__DUPLICATE_METHOD_MATCH = YES;
				CODE_SIGN_ENTITLEMENTS = "";
				CODE_SIGN_IDENTITY = "Apple Development";
				COPY_PHASE_STRIP = NO;
				DEBUG_INFORMATION_FORMAT = dwarf;
				DEVELOPMENT_TEAM = 25GD72FQH7;
				ENABLE_STRICT_OBJC_MSGSEND = YES;
				ENABLE_TESTABILITY = YES;
				ENABLE_USER_SCRIPT_SANDBOXING = YES;
				GCC_C_LANGUAGE_STANDARD = gnu17;
				GCC_DYNAMIC_NO_PIC = NO;
				GCC_NO_COMMON_BLOCKS = YES;
				GCC_OPTIMIZATION_LEVEL = 0;
				GCC_PREPROCESSOR_DEFINITIONS = (
					"DEBUG=1",
					"$(inherited)",
				);
				GCC_WARN_64_TO_32_BIT_CONVERSION = YES;
				GCC_WARN_ABOUT_RETURN_TYPE = YES_ERROR;
				GCC_WARN_UNDECLARED_SELECTOR = YES;
				GCC_WARN_UNINITIALIZED_AUTOS = YES_AGGRESSIVE;
				GCC_WARN_UNUSED_FUNCTION = YES;
				GCC_WARN_UNUSED_VARIABLE = YES;
				IPHONEOS_DEPLOYMENT_TARGET = 18.4;
				LOCALIZATION_PREFERS_STRING_CATALOGS = YES;
				MTL_ENABLE_DEBUG_INFO = INCLUDE_SOURCE;
				MTL_FAST_MATH = YES;
				ONLY_ACTIVE_ARCH = YES;
				SDKROOT = iphoneos;
				STRING_CATALOG_GENERATE_SYMBOLS = YES;
				SWIFT_ACTIVE_COMPILATION_CONDITIONS = "DEBUG $(inherited)";
				SWIFT_OPTIMIZATION_LEVEL = "-Onone";
			};
			name = Debug;
		};
		89C17A412DF73D8C00B2480F /* Release configuration for PBXProject "Habitto" */ = {
			isa = XCBuildConfiguration;
			buildSettings = {
				ALWAYS_SEARCH_USER_PATHS = NO;
				ASSETCATALOG_COMPILER_GENERATE_SWIFT_ASSET_SYMBOL_EXTENSIONS = YES;
				CLANG_ANALYZER_NONNULL = YES;
				CLANG_ANALYZER_NUMBER_OBJECT_CONVERSION = YES_AGGRESSIVE;
				CLANG_CXX_LANGUAGE_STANDARD = "gnu++20";
				CLANG_ENABLE_MODULES = YES;
				CLANG_ENABLE_OBJC_ARC = YES;
				CLANG_ENABLE_OBJC_WEAK = YES;
				CLANG_WARN_BLOCK_CAPTURE_AUTORELEASING = YES;
				CLANG_WARN_BOOL_CONVERSION = YES;
				CLANG_WARN_COMMA = YES;
				CLANG_WARN_CONSTANT_CONVERSION = YES;
				CLANG_WARN_DEPRECATED_OBJC_IMPLEMENTATIONS = YES;
				CLANG_WARN_DIRECT_OBJC_ISA_USAGE = YES_ERROR;
				CLANG_WARN_DOCUMENTATION_COMMENTS = YES;
				CLANG_WARN_EMPTY_BODY = YES;
				CLANG_WARN_ENUM_CONVERSION = YES;
				CLANG_WARN_INFINITE_RECURSION = YES;
				CLANG_WARN_INT_CONVERSION = YES;
				CLANG_WARN_NON_LITERAL_NULL_CONVERSION = YES;
				CLANG_WARN_OBJC_IMPLICIT_RETAIN_SELF = YES;
				CLANG_WARN_OBJC_LITERAL_CONVERSION = YES;
				CLANG_WARN_OBJC_ROOT_CLASS = YES_ERROR;
				CLANG_WARN_QUOTED_INCLUDE_IN_FRAMEWORK_HEADER = YES;
				CLANG_WARN_RANGE_LOOP_ANALYSIS = YES;
				CLANG_WARN_STRICT_PROTOTYPES = YES;
				CLANG_WARN_SUSPICIOUS_MOVE = YES;
				CLANG_WARN_UNGUARDED_AVAILABILITY = YES_AGGRESSIVE;
				CLANG_WARN_UNREACHABLE_CODE = YES;
				CLANG_WARN__DUPLICATE_METHOD_MATCH = YES;
				CODE_SIGN_ENTITLEMENTS = "";
				CODE_SIGN_IDENTITY = "Apple Development";
				COPY_PHASE_STRIP = NO;
				DEBUG_INFORMATION_FORMAT = "dwarf-with-dsym";
				DEVELOPMENT_TEAM = 25GD72FQH7;
				ENABLE_NS_ASSERTIONS = NO;
				ENABLE_STRICT_OBJC_MSGSEND = YES;
				ENABLE_USER_SCRIPT_SANDBOXING = YES;
				GCC_C_LANGUAGE_STANDARD = gnu17;
				GCC_NO_COMMON_BLOCKS = YES;
				GCC_WARN_64_TO_32_BIT_CONVERSION = YES;
				GCC_WARN_ABOUT_RETURN_TYPE = YES_ERROR;
				GCC_WARN_UNDECLARED_SELECTOR = YES;
				GCC_WARN_UNINITIALIZED_AUTOS = YES_AGGRESSIVE;
				GCC_WARN_UNUSED_FUNCTION = YES;
				GCC_WARN_UNUSED_VARIABLE = YES;
				IPHONEOS_DEPLOYMENT_TARGET = 18.4;
				LOCALIZATION_PREFERS_STRING_CATALOGS = YES;
				MTL_ENABLE_DEBUG_INFO = NO;
				MTL_FAST_MATH = YES;
				SDKROOT = iphoneos;
				STRING_CATALOG_GENERATE_SYMBOLS = YES;
				SWIFT_COMPILATION_MODE = wholemodule;
				VALIDATE_PRODUCT = YES;
			};
			name = Release;
		};
		89C17A432DF73D8C00B2480F /* Debug configuration for PBXNativeTarget "Habitto" */ = {
			isa = XCBuildConfiguration;
			buildSettings = {
				ASSETCATALOG_COMPILER_APPICON_NAME = HabittoAppIcon;
				ASSETCATALOG_COMPILER_GLOBAL_ACCENT_COLOR_NAME = AccentColor;
				ASSETCATALOG_COMPILER_INCLUDE_ALL_APPICON_ASSETS = YES;
				CODE_SIGN_ENTITLEMENTS = Habitto.entitlements;
				CODE_SIGN_IDENTITY = "Apple Development";
				CODE_SIGN_STYLE = Automatic;
				CURRENT_PROJECT_VERSION = 1;
				DEBUG_INFORMATION_FORMAT = "dwarf-with-dsym";
				DEVELOPMENT_TEAM = GVG7JYM6M8;
				ENABLE_PREVIEWS = YES;
				GENERATE_INFOPLIST_FILE = NO;
				INFOPLIST_FILE = "Config/App-Info.plist";
				INFOPLIST_KEY_CFBundleDisplayName = Habitto;
				INFOPLIST_KEY_LSApplicationCategoryType = "public.app-category.lifestyle";
				INFOPLIST_KEY_UIApplicationSceneManifest_Generation = YES;
				INFOPLIST_KEY_UIApplicationSupportsIndirectInputEvents = YES;
				INFOPLIST_KEY_UILaunchScreen_Generation = YES;
				INFOPLIST_KEY_UILaunchStoryboardName = SplashView.swift;
				INFOPLIST_KEY_UISupportedInterfaceOrientations = "UIInterfaceOrientationLandscapeLeft UIInterfaceOrientationLandscapeRight UIInterfaceOrientationPortrait UIInterfaceOrientationPortraitUpsideDown";
				IPHONEOS_DEPLOYMENT_TARGET = 18.0;
				LD_RUNPATH_SEARCH_PATHS = (
					"$(inherited)",
					"@executable_path/Frameworks",
				);
				MARKETING_VERSION = 0.3.0;
				PRODUCT_BUNDLE_IDENTIFIER = "com.chloe-lee.Habitto";
				PRODUCT_NAME = "$(TARGET_NAME)";
				PROVISIONING_PROFILE_SPECIFIER = "";
				SUPPORTED_PLATFORMS = "iphoneos iphonesimulator";
				SUPPORTS_MACCATALYST = NO;
				SUPPORTS_XR_DESIGNED_FOR_IPHONE_IPAD = NO;
				SWIFT_EMIT_LOC_STRINGS = YES;
				SWIFT_VERSION = 5.0;
				TARGETED_DEVICE_FAMILY = "1,2";
				com.apple.developer.applesignin = "$(PRODUCT_BUNDLE_IDENTIFIER)";
			};
			name = Debug;
		};
		89C17A442DF73D8C00B2480F /* Release configuration for PBXNativeTarget "Habitto" */ = {
			isa = XCBuildConfiguration;
			buildSettings = {
				ASSETCATALOG_COMPILER_APPICON_NAME = HabittoAppIcon;
				ASSETCATALOG_COMPILER_GLOBAL_ACCENT_COLOR_NAME = AccentColor;
				ASSETCATALOG_COMPILER_INCLUDE_ALL_APPICON_ASSETS = YES;
				CODE_SIGN_ENTITLEMENTS = Habitto.entitlements;
				CODE_SIGN_IDENTITY = "Apple Development";
				CODE_SIGN_STYLE = Automatic;
				CURRENT_PROJECT_VERSION = 1;
				DEVELOPMENT_TEAM = GVG7JYM6M8;
				ENABLE_PREVIEWS = YES;
				GENERATE_INFOPLIST_FILE = NO;
				INFOPLIST_FILE = "Config/App-Info.plist";
				INFOPLIST_KEY_CFBundleDisplayName = Habitto;
				INFOPLIST_KEY_LSApplicationCategoryType = "public.app-category.lifestyle";
				INFOPLIST_KEY_UIApplicationSceneManifest_Generation = YES;
				INFOPLIST_KEY_UIApplicationSupportsIndirectInputEvents = YES;
				INFOPLIST_KEY_UILaunchScreen_Generation = YES;
				INFOPLIST_KEY_UILaunchStoryboardName = SplashView.swift;
				INFOPLIST_KEY_UISupportedInterfaceOrientations = "UIInterfaceOrientationLandscapeLeft UIInterfaceOrientationLandscapeRight UIInterfaceOrientationPortrait UIInterfaceOrientationPortraitUpsideDown";
				IPHONEOS_DEPLOYMENT_TARGET = 18.0;
				LD_RUNPATH_SEARCH_PATHS = (
					"$(inherited)",
					"@executable_path/Frameworks",
				);
				MARKETING_VERSION = 0.3.0;
				PRODUCT_BUNDLE_IDENTIFIER = "com.chloe-lee.Habitto";
				PRODUCT_NAME = "$(TARGET_NAME)";
				PROVISIONING_PROFILE_SPECIFIER = "";
				SUPPORTED_PLATFORMS = "iphoneos iphonesimulator";
				SUPPORTS_MACCATALYST = NO;
				SUPPORTS_XR_DESIGNED_FOR_IPHONE_IPAD = NO;
				SWIFT_EMIT_LOC_STRINGS = YES;
				SWIFT_VERSION = 5.0;
				TARGETED_DEVICE_FAMILY = "1,2";
				com.apple.developer.applesignin = "$(PRODUCT_BUNDLE_IDENTIFIER)";
			};
			name = Release;
		};
/* End XCBuildConfiguration section */

/* Begin XCConfigurationList section */
		89C17A322DF73D8A00B2480F /* Build configuration list for PBXProject "Habitto" */ = {
			isa = XCConfigurationList;
			buildConfigurations = (
				89C17A402DF73D8C00B2480F /* Debug configuration for PBXProject "Habitto" */,
				89C17A412DF73D8C00B2480F /* Release configuration for PBXProject "Habitto" */,
			);
			defaultConfigurationName = Release;
		};
		89C17A422DF73D8C00B2480F /* Build configuration list for PBXNativeTarget "Habitto" */ = {
			isa = XCConfigurationList;
			buildConfigurations = (
				89C17A432DF73D8C00B2480F /* Debug configuration for PBXNativeTarget "Habitto" */,
				89C17A442DF73D8C00B2480F /* Release configuration for PBXNativeTarget "Habitto" */,
			);
			defaultConfigurationName = Release;
		};
/* End XCConfigurationList section */

/* Begin XCRemoteSwiftPackageReference section */
		8935E7822E7C21DB004BF684 /* XCRemoteSwiftPackageReference "swift-algorithms" */ = {
			isa = XCRemoteSwiftPackageReference;
			repositoryURL = "https://github.com/apple/swift-algorithms.git";
			requirement = {
				kind = upToNextMajorVersion;
				minimumVersion = 1.2.1;
			};
		};
		8935E7852E7C2204004BF684 /* XCRemoteSwiftPackageReference "lottie-spm" */ = {
			isa = XCRemoteSwiftPackageReference;
			repositoryURL = "https://github.com/airbnb/lottie-spm.git";
			requirement = {
				kind = upToNextMajorVersion;
				minimumVersion = 4.5.2;
			};
		};
		8935E7882E7C2260004BF684 /* XCRemoteSwiftPackageReference "firebase-ios-sdk" */ = {
			isa = XCRemoteSwiftPackageReference;
			repositoryURL = "https://github.com/firebase/firebase-ios-sdk";
			requirement = {
				kind = upToNextMajorVersion;
				minimumVersion = 12.3.0;
			};
		};
		8935E7912E7C2278004BF684 /* XCRemoteSwiftPackageReference "GoogleSignIn-iOS" */ = {
			isa = XCRemoteSwiftPackageReference;
			repositoryURL = "https://github.com/google/GoogleSignIn-iOS";
			requirement = {
				kind = upToNextMajorVersion;
				minimumVersion = 9.0.0;
			};
		};
		89383AA92E919C8800AF39E5 /* XCRemoteSwiftPackageReference "Popups" */ = {
			isa = XCRemoteSwiftPackageReference;
			repositoryURL = "https://github.com/Mijick/Popups.git";
			requirement = {
				kind = upToNextMajorVersion;
				minimumVersion = 4.0.2;
			};
		};
		8940C70B2E8A680E00E7B437 /* XCRemoteSwiftPackageReference "MCEmojiPicker" */ = {
			isa = XCRemoteSwiftPackageReference;
			repositoryURL = "https://github.com/izyumkin/MCEmojiPicker.git";
			requirement = {
				kind = upToNextMajorVersion;
				minimumVersion = 1.2.5;
			};
		};
/* End XCRemoteSwiftPackageReference section */

/* Begin XCSwiftPackageProductDependency section */
		8935E7832E7C21DB004BF684 /* Algorithms */ = {
			isa = XCSwiftPackageProductDependency;
			package = 8935E7822E7C21DB004BF684 /* XCRemoteSwiftPackageReference "swift-algorithms" */;
			productName = Algorithms;
		};
		8935E7862E7C2204004BF684 /* Lottie */ = {
			isa = XCSwiftPackageProductDependency;
			package = 8935E7852E7C2204004BF684 /* XCRemoteSwiftPackageReference "lottie-spm" */;
			productName = Lottie;
		};
		8935E78B2E7C2260004BF684 /* FirebaseAuth */ = {
			isa = XCSwiftPackageProductDependency;
			package = 8935E7882E7C2260004BF684 /* XCRemoteSwiftPackageReference "firebase-ios-sdk" */;
			productName = FirebaseAuth;
		};
		8935E78D2E7C2260004BF684 /* FirebaseCore */ = {
			isa = XCSwiftPackageProductDependency;
			package = 8935E7882E7C2260004BF684 /* XCRemoteSwiftPackageReference "firebase-ios-sdk" */;
			productName = FirebaseCore;
		};
		8935E7922E7C2278004BF684 /* GoogleSignIn */ = {
			isa = XCSwiftPackageProductDependency;
			package = 8935E7912E7C2278004BF684 /* XCRemoteSwiftPackageReference "GoogleSignIn-iOS" */;
			productName = GoogleSignIn;
		};
		8935E7942E7C2278004BF684 /* GoogleSignInSwift */ = {
			isa = XCSwiftPackageProductDependency;
			package = 8935E7912E7C2278004BF684 /* XCRemoteSwiftPackageReference "GoogleSignIn-iOS" */;
			productName = GoogleSignInSwift;
		};
		89383AAA2E919C8800AF39E5 /* MijickPopups */ = {
			isa = XCSwiftPackageProductDependency;
			package = 89383AA92E919C8800AF39E5 /* XCRemoteSwiftPackageReference "Popups" */;
			productName = MijickPopups;
		};
		8940C70C2E8A680E00E7B437 /* MCEmojiPicker */ = {
			isa = XCSwiftPackageProductDependency;
			package = 8940C70B2E8A680E00E7B437 /* XCRemoteSwiftPackageReference "MCEmojiPicker" */;
			productName = MCEmojiPicker;
		};
		8940C70E2E8A680E00E7B437 /* MCEmojiPickerJSON */ = {
			isa = XCSwiftPackageProductDependency;
			package = 8940C70B2E8A680E00E7B437 /* XCRemoteSwiftPackageReference "MCEmojiPicker" */;
			productName = MCEmojiPickerJSON;
		};
		8980C1502E9AA91C00E491FB /* FirebaseCrashlytics */ = {
			isa = XCSwiftPackageProductDependency;
			package = 8935E7882E7C2260004BF684 /* XCRemoteSwiftPackageReference "firebase-ios-sdk" */;
			productName = FirebaseCrashlytics;
		};
		8980C1522E9AA92400E491FB /* FirebaseRemoteConfig */ = {
			isa = XCSwiftPackageProductDependency;
			package = 8935E7882E7C2260004BF684 /* XCRemoteSwiftPackageReference "firebase-ios-sdk" */;
			productName = FirebaseRemoteConfig;
		};
		8980C2162E9F880500E491FB /* FirebaseFirestore */ = {
			isa = XCSwiftPackageProductDependency;
			package = 8935E7882E7C2260004BF684 /* XCRemoteSwiftPackageReference "firebase-ios-sdk" */;
			productName = FirebaseFirestore;
		};
/* End XCSwiftPackageProductDependency section */
	};
	rootObject = 89C17A2F2DF73D8A00B2480F /* Project object */;
}
