// !$*UTF8*$!
{
	archiveVersion = 1;
	classes = {
	};
	objectVersion = 90;
	objects = {

/* Begin PBXBuildFile section */
		8935E7872E7C2204004BF684 /* Lottie in Frameworks */ = {isa = PBXBuildFile; productRef = 8935E7862E7C2204004BF684 /* Lottie */; };
		8935E78C2E7C2260004BF684 /* FirebaseAuth in Frameworks */ = {isa = PBXBuildFile; productRef = 8935E78B2E7C2260004BF684 /* FirebaseAuth */; };
		8935E78E2E7C2260004BF684 /* FirebaseCore in Frameworks */ = {isa = PBXBuildFile; productRef = 8935E78D2E7C2260004BF684 /* FirebaseCore */; };
		8935E7932E7C2278004BF684 /* GoogleSignIn in Frameworks */ = {isa = PBXBuildFile; productRef = 8935E7922E7C2278004BF684 /* GoogleSignIn */; };
		89383AAB2E919C8800AF39E5 /* MijickPopups in Frameworks */ = {isa = PBXBuildFile; productRef = 89383AAA2E919C8800AF39E5 /* MijickPopups */; };
		8980C1512E9AA91C00E491FB /* FirebaseCrashlytics in Frameworks */ = {isa = PBXBuildFile; productRef = 8980C1502E9AA91C00E491FB /* FirebaseCrashlytics */; };
		8980C1532E9AA92400E491FB /* FirebaseRemoteConfig in Frameworks */ = {isa = PBXBuildFile; productRef = 8980C1522E9AA92400E491FB /* FirebaseRemoteConfig */; };
		8980C2172E9F880500E491FB /* FirebaseFirestore in Frameworks */ = {isa = PBXBuildFile; productRef = 8980C2162E9F880500E491FB /* FirebaseFirestore */; };
		89F196022ECF79D10034041F /* StoreKit.framework in Frameworks */ = {isa = PBXBuildFile; fileRef = 89F196012ECF79D10034041F /* StoreKit.framework */; };
/* End PBXBuildFile section */

/* Begin PBXCopyFilesBuildPhase section */
		890C9EF52E4E05BA006E28C7 /* Embed Foundation Extensions */ = {
			isa = PBXCopyFilesBuildPhase;
			dstPath = "";
			dstSubfolder = None;
			files = (
			);
			name = "Embed Foundation Extensions";
		};
/* End PBXCopyFilesBuildPhase section */

/* Begin PBXFileReference section */
		8900353F2EE9B3A600329067 /* Habitto.xcodeproj */ = {isa = PBXFileReference; lastKnownFileType = "wrapper.pb-project"; path = Habitto.xcodeproj; sourceTree = "<group>"; };
		890160DC2EDF14DA002E85DA /* Habitto.xcodeproj */ = {isa = PBXFileReference; lastKnownFileType = "wrapper.pb-project"; path = Habitto.xcodeproj; sourceTree = "<group>"; };
		890C9EDC2E4E05B7006E28C7 /* WidgetKit.framework */ = {isa = PBXFileReference; lastKnownFileType = wrapper.framework; name = WidgetKit.framework; path = System/Library/Frameworks/WidgetKit.framework; sourceTree = SDKROOT; };
		890C9EDE2E4E05B8006E28C7 /* SwiftUI.framework */ = {isa = PBXFileReference; lastKnownFileType = wrapper.framework; name = SwiftUI.framework; path = System/Library/Frameworks/SwiftUI.framework; sourceTree = SDKROOT; };
		891320BA2EE8606B004D663E /* Habitto.xcodeproj */ = {isa = PBXFileReference; lastKnownFileType = "wrapper.pb-project"; path = Habitto.xcodeproj; sourceTree = "<group>"; };
		892A1A5F2ED87C4D00939C59 /* Habitto.xcodeproj */ = {isa = PBXFileReference; lastKnownFileType = "wrapper.pb-project"; path = Habitto.xcodeproj; sourceTree = "<group>"; };
		892FEC712EE81944009F1214 /* Habitto.xcodeproj */ = {isa = PBXFileReference; lastKnownFileType = "wrapper.pb-project"; path = Habitto.xcodeproj; sourceTree = "<group>"; };
		894D37672EE44DED00B271B7 /* Habitto.xcodeproj */ = {isa = PBXFileReference; lastKnownFileType = "wrapper.pb-project"; path = Habitto.xcodeproj; sourceTree = "<group>"; };
		8958E9BA2E93AEC900AC3DB8 /* HabittoAppIcon.icon */ = {isa = PBXFileReference; lastKnownFileType = wrapper; path = HabittoAppIcon.icon; sourceTree = "<group>"; };
		89622B172ED9AB7C00A238B9 /* Habitto.xcodeproj */ = {isa = PBXFileReference; lastKnownFileType = "wrapper.pb-project"; path = Habitto.xcodeproj; sourceTree = "<group>"; };
		8968BCF62EE9C6BE0005345A /* Habitto.xcodeproj */ = {isa = PBXFileReference; lastKnownFileType = "wrapper.pb-project"; path = Habitto.xcodeproj; sourceTree = "<group>"; };
		8973D26A2ED9D3C400BF3B8C /* Habitto.xcodeproj */ = {isa = PBXFileReference; lastKnownFileType = "wrapper.pb-project"; path = Habitto.xcodeproj; sourceTree = "<group>"; };
		899811FC2ED863AA006B0EA7 /* Habitto.xcodeproj */ = {isa = PBXFileReference; lastKnownFileType = "wrapper.pb-project"; path = Habitto.xcodeproj; sourceTree = "<group>"; };
		89B0AE422EEEB8A800301646 /* Habitto.xcodeproj */ = {isa = PBXFileReference; lastKnownFileType = "wrapper.pb-project"; path = Habitto.xcodeproj; sourceTree = "<group>"; };
		89B693482EEF335B0062CDA7 /* Habitto.xcodeproj */ = {isa = PBXFileReference; lastKnownFileType = "wrapper.pb-project"; path = Habitto.xcodeproj; sourceTree = "<group>"; };
		89C05EC12EDF181300B87FB9 /* Habitto.xcodeproj */ = {isa = PBXFileReference; lastKnownFileType = "wrapper.pb-project"; path = Habitto.xcodeproj; sourceTree = "<group>"; };
		89C17A372DF73D8A00B2480F /* Habitto.app */ = {isa = PBXFileReference; explicitFileType = wrapper.application; includeInIndex = 0; path = Habitto.app; sourceTree = BUILT_PRODUCTS_DIR; };
		89E74FF92ED874DD00D96813 /* Habitto.xcodeproj */ = {isa = PBXFileReference; lastKnownFileType = "wrapper.pb-project"; path = Habitto.xcodeproj; sourceTree = "<group>"; };
		89E830312EEB3EA4009D72C7 /* Habitto.xcodeproj */ = {isa = PBXFileReference; lastKnownFileType = "wrapper.pb-project"; path = Habitto.xcodeproj; sourceTree = "<group>"; };
		89E93AB22EEAB40F0017DA32 /* Habitto.xcodeproj */ = {isa = PBXFileReference; lastKnownFileType = "wrapper.pb-project"; path = Habitto.xcodeproj; sourceTree = "<group>"; };
		89EA957F2EE04D58007D9E24 /* Habitto.xcodeproj */ = {isa = PBXFileReference; lastKnownFileType = "wrapper.pb-project"; path = Habitto.xcodeproj; sourceTree = "<group>"; };
		89EE1B192EE4320100522849 /* Habitto.xcodeproj */ = {isa = PBXFileReference; lastKnownFileType = "wrapper.pb-project"; path = Habitto.xcodeproj; sourceTree = "<group>"; };
		89F196012ECF79D10034041F /* StoreKit.framework */ = {isa = PBXFileReference; lastKnownFileType = wrapper.framework; name = StoreKit.framework; path = System/Library/Frameworks/StoreKit.framework; sourceTree = SDKROOT; };
		89FBC1F52EEF33E7000FEF4E /* Habitto.xcodeproj */ = {isa = PBXFileReference; lastKnownFileType = "wrapper.pb-project"; path = Habitto.xcodeproj; sourceTree = "<group>"; };
/* End PBXFileReference section */

/* Begin PBXFileSystemSynchronizedBuildFileExceptionSet section */
		8940C6EE2E885F2D00E7B437 /* Exceptions for "." folder in "Habitto" target */ = {
			isa = PBXFileSystemSynchronizedBuildFileExceptionSet;
			membershipExceptions = (
				.gitignore,
				"Config/App-Info.plist",
				firebase.json,
				package.json,
			);
			target = 89C17A362DF73D8A00B2480F /* Habitto */;
		};
/* End PBXFileSystemSynchronizedBuildFileExceptionSet section */

/* Begin PBXFileSystemSynchronizedRootGroup section */
		89C17A392DF73D8A00B2480F /* . */ = {
			isa = PBXFileSystemSynchronizedRootGroup;
			exceptions = (
				8940C6EE2E885F2D00E7B437 /* Exceptions for "." folder in "Habitto" target */,
			);
			path = .;
			sourceTree = "<group>";
		};
/* End PBXFileSystemSynchronizedRootGroup section */

/* Begin PBXFrameworksBuildPhase section */
		89C17A342DF73D8A00B2480F /* Frameworks */ = {
			isa = PBXFrameworksBuildPhase;
			files = (
				8980C1532E9AA92400E491FB /* FirebaseRemoteConfig in Frameworks */,
				8935E78E2E7C2260004BF684 /* FirebaseCore in Frameworks */,
				8935E7872E7C2204004BF684 /* Lottie in Frameworks */,
				8980C2172E9F880500E491FB /* FirebaseFirestore in Frameworks */,
				89383AAB2E919C8800AF39E5 /* MijickPopups in Frameworks */,
				8935E78C2E7C2260004BF684 /* FirebaseAuth in Frameworks */,
				8980C1512E9AA91C00E491FB /* FirebaseCrashlytics in Frameworks */,
				8935E7932E7C2278004BF684 /* GoogleSignIn in Frameworks */,
				89F196022ECF79D10034041F /* StoreKit.framework in Frameworks */,
			);
		};
/* End PBXFrameworksBuildPhase section */

/* Begin PBXGroup section */
		8900354F2EE9B3A600329067 /* Products */ = {
			isa = PBXGroup;
			name = Products;
			sourceTree = "<group>";
		};
		890160EB2EDF14DA002E85DA /* Products */ = {
			isa = PBXGroup;
			name = Products;
			sourceTree = "<group>";
		};
		890C9EDB2E4E05B7006E28C7 /* Frameworks */ = {
			isa = PBXGroup;
			children = (
				89F196012ECF79D10034041F /* StoreKit.framework */,
				890C9EDC2E4E05B7006E28C7 /* WidgetKit.framework */,
				890C9EDE2E4E05B8006E28C7 /* SwiftUI.framework */,
			);
			name = Frameworks;
			sourceTree = "<group>";
		};
		891320CA2EE8606B004D663E /* Products */ = {
			isa = PBXGroup;
			name = Products;
			sourceTree = "<group>";
		};
		892A1A6E2ED87C4D00939C59 /* Products */ = {
			isa = PBXGroup;
			name = Products;
			sourceTree = "<group>";
		};
		892FEC812EE81944009F1214 /* Products */ = {
			isa = PBXGroup;
			name = Products;
			sourceTree = "<group>";
		};
		894D37772EE44DED00B271B7 /* Products */ = {
			isa = PBXGroup;
			name = Products;
			sourceTree = "<group>";
		};
		89622B262ED9AB7C00A238B9 /* Products */ = {
			isa = PBXGroup;
			name = Products;
			sourceTree = "<group>";
		};
		8968BD062EE9C6BE0005345A /* Products */ = {
			isa = PBXGroup;
			name = Products;
			sourceTree = "<group>";
		};
		8973D2792ED9D3C400BF3B8C /* Products */ = {
			isa = PBXGroup;
			name = Products;
			sourceTree = "<group>";
		};
		8998120B2ED863AA006B0EA7 /* Products */ = {
			isa = PBXGroup;
			name = Products;
			sourceTree = "<group>";
		};
		89B0AE562EEEB8A800301646 /* Products */ = {
			isa = PBXGroup;
			name = Products;
			sourceTree = "<group>";
		};
		89B6935D2EEF335B0062CDA7 /* Products */ = {
			isa = PBXGroup;
			name = Products;
			sourceTree = "<group>";
		};
		89C05ED02EDF181300B87FB9 /* Products */ = {
			isa = PBXGroup;
			name = Products;
			sourceTree = "<group>";
		};
		89C17A2E2DF73D8A00B2480F = {
			isa = PBXGroup;
			children = (
				89C17A392DF73D8A00B2480F /* . */,
				890C9EDB2E4E05B7006E28C7 /* Frameworks */,
				89C17A382DF73D8A00B2480F /* Products */,
				8958E9BA2E93AEC900AC3DB8 /* HabittoAppIcon.icon */,
			);
			sourceTree = "<group>";
		};
		89C17A382DF73D8A00B2480F /* Products */ = {
			isa = PBXGroup;
			children = (
				89C17A372DF73D8A00B2480F /* Habitto.app */,
			);
			name = Products;
			sourceTree = "<group>";
		};
		89E750082ED874DD00D96813 /* Products */ = {
			isa = PBXGroup;
			name = Products;
			sourceTree = "<group>";
		};
		89E830432EEB3EA4009D72C7 /* Products */ = {
			isa = PBXGroup;
			name = Products;
			sourceTree = "<group>";
		};
		89E93AC22EEAB40F0017DA32 /* Products */ = {
			isa = PBXGroup;
			name = Products;
			sourceTree = "<group>";
		};
		89EA958F2EE04D58007D9E24 /* Products */ = {
			isa = PBXGroup;
			name = Products;
			sourceTree = "<group>";
		};
		89EE1B292EE4320100522849 /* Products */ = {
			isa = PBXGroup;
			name = Products;
			sourceTree = "<group>";
		};
		89FBC20A2EEF33E7000FEF4E /* Products */ = {
			isa = PBXGroup;
			name = Products;
			sourceTree = "<group>";
		};
/* End PBXGroup section */

/* Begin PBXNativeTarget section */
		89C17A362DF73D8A00B2480F /* Habitto */ = {
			isa = PBXNativeTarget;
			buildConfigurationList = 89C17A422DF73D8C00B2480F /* Build configuration list for PBXNativeTarget "Habitto" */;
			buildPhases = (
				89C17A332DF73D8A00B2480F /* Sources */,
				89C17A342DF73D8A00B2480F /* Frameworks */,
				89C17A352DF73D8A00B2480F /* Resources */,
				890C9EF52E4E05BA006E28C7 /* Embed Foundation Extensions */,
			);
			buildRules = (
			);
			fileSystemSynchronizedGroups = (
				89C17A392DF73D8A00B2480F /* . */,
			);
			name = Habitto;
			packageProductDependencies = (
				8935E7862E7C2204004BF684 /* Lottie */,
				8935E78B2E7C2260004BF684 /* FirebaseAuth */,
				8935E78D2E7C2260004BF684 /* FirebaseCore */,
				8935E7922E7C2278004BF684 /* GoogleSignIn */,
				89383AAA2E919C8800AF39E5 /* MijickPopups */,
				8980C1502E9AA91C00E491FB /* FirebaseCrashlytics */,
				8980C1522E9AA92400E491FB /* FirebaseRemoteConfig */,
				8980C2162E9F880500E491FB /* FirebaseFirestore */,
			);
			productName = Habitto;
			productReference = 89C17A372DF73D8A00B2480F /* Habitto.app */;
			productType = "com.apple.product-type.application";
		};
/* End PBXNativeTarget section */

/* Begin PBXProject section */
		89C17A2F2DF73D8A00B2480F /* Project object */ = {
			isa = PBXProject;
			attributes = {
				BuildIndependentTargetsInParallel = 1;
				LastSwiftUpdateCheck = 1640;
				LastUpgradeCheck = 2610;
				TargetAttributes = {
					89C17A362DF73D8A00B2480F = {
						CreatedOnToolsVersion = 16.3;
					};
				};
			};
			buildConfigurationList = 89C17A322DF73D8A00B2480F /* Build configuration list for PBXProject "Habitto" */;
			developmentRegion = en;
			hasScannedForEncodings = 0;
			knownRegions = (
				en,
				Base,
			);
			mainGroup = 89C17A2E2DF73D8A00B2480F;
			minimizedProjectReferenceProxies = 1;
			packageReferences = (
				8935E7852E7C2204004BF684 /* XCRemoteSwiftPackageReference "lottie-spm" */,
				8935E7882E7C2260004BF684 /* XCRemoteSwiftPackageReference "firebase-ios-sdk" */,
				8935E7912E7C2278004BF684 /* XCRemoteSwiftPackageReference "GoogleSignIn-iOS" */,
				89383AA92E919C8800AF39E5 /* XCRemoteSwiftPackageReference "Popups" */,
			);
			preferredProjectObjectVersion = 90;
			productRefGroup = 89C17A382DF73D8A00B2480F /* Products */;
			projectDirPath = "";
			projectReferences = (
				{
					ProductGroup = 892A1A6E2ED87C4D00939C59 /* Products */;
					ProjectRef = 892A1A5F2ED87C4D00939C59 /* Habitto.xcodeproj */;
				},
				{
					ProductGroup = 89E93AC22EEAB40F0017DA32 /* Products */;
					ProjectRef = 89E93AB22EEAB40F0017DA32 /* Habitto.xcodeproj */;
				},
				{
					ProductGroup = 89FBC20A2EEF33E7000FEF4E /* Products */;
					ProjectRef = 89FBC1F52EEF33E7000FEF4E /* Habitto.xcodeproj */;
				},
				{
					ProductGroup = 892FEC812EE81944009F1214 /* Products */;
					ProjectRef = 892FEC712EE81944009F1214 /* Habitto.xcodeproj */;
				},
				{
					ProductGroup = 89C05ED02EDF181300B87FB9 /* Products */;
					ProjectRef = 89C05EC12EDF181300B87FB9 /* Habitto.xcodeproj */;
				},
				{
					ProductGroup = 89B0AE562EEEB8A800301646 /* Products */;
					ProjectRef = 89B0AE422EEEB8A800301646 /* Habitto.xcodeproj */;
				},
				{
					ProductGroup = 89E750082ED874DD00D96813 /* Products */;
					ProjectRef = 89E74FF92ED874DD00D96813 /* Habitto.xcodeproj */;
				},
				{
					ProductGroup = 89EA958F2EE04D58007D9E24 /* Products */;
					ProjectRef = 89EA957F2EE04D58007D9E24 /* Habitto.xcodeproj */;
				},
				{
					ProductGroup = 8968BD062EE9C6BE0005345A /* Products */;
					ProjectRef = 8968BCF62EE9C6BE0005345A /* Habitto.xcodeproj */;
				},
				{
					ProductGroup = 8973D2792ED9D3C400BF3B8C /* Products */;
					ProjectRef = 8973D26A2ED9D3C400BF3B8C /* Habitto.xcodeproj */;
				},
				{
					ProductGroup = 894D37772EE44DED00B271B7 /* Products */;
					ProjectRef = 894D37672EE44DED00B271B7 /* Habitto.xcodeproj */;
				},
				{
					ProductGroup = 89E830432EEB3EA4009D72C7 /* Products */;
					ProjectRef = 89E830312EEB3EA4009D72C7 /* Habitto.xcodeproj */;
				},
				{
					ProductGroup = 89EE1B292EE4320100522849 /* Products */;
					ProjectRef = 89EE1B192EE4320100522849 /* Habitto.xcodeproj */;
				},
				{
					ProductGroup = 8900354F2EE9B3A600329067 /* Products */;
					ProjectRef = 8900353F2EE9B3A600329067 /* Habitto.xcodeproj */;
				},
				{
					ProductGroup = 890160EB2EDF14DA002E85DA /* Products */;
					ProjectRef = 890160DC2EDF14DA002E85DA /* Habitto.xcodeproj */;
				},
				{
					ProductGroup = 89622B262ED9AB7C00A238B9 /* Products */;
					ProjectRef = 89622B172ED9AB7C00A238B9 /* Habitto.xcodeproj */;
				},
				{
					ProductGroup = 8998120B2ED863AA006B0EA7 /* Products */;
					ProjectRef = 899811FC2ED863AA006B0EA7 /* Habitto.xcodeproj */;
				},
				{
					ProductGroup = 891320CA2EE8606B004D663E /* Products */;
					ProjectRef = 891320BA2EE8606B004D663E /* Habitto.xcodeproj */;
				},
				{
					ProductGroup = 89B6935D2EEF335B0062CDA7 /* Products */;
					ProjectRef = 89B693482EEF335B0062CDA7 /* Habitto.xcodeproj */;
				},
			);
			projectRoot = "";
			targets = (
				89C17A362DF73D8A00B2480F /* Habitto */,
			);
		};
/* End PBXProject section */

/* Begin PBXResourcesBuildPhase section */
		89C17A352DF73D8A00B2480F /* Resources */ = {
			isa = PBXResourcesBuildPhase;
			files = (
			);
		};
/* End PBXResourcesBuildPhase section */

/* Begin PBXSourcesBuildPhase section */
		89C17A332DF73D8A00B2480F /* Sources */ = {
			isa = PBXSourcesBuildPhase;
			files = (
			);
		};
/* End PBXSourcesBuildPhase section */

/* Begin XCBuildConfiguration section */
		89C17A402DF73D8C00B2480F /* Debug configuration for PBXProject "Habitto" */ = {
			isa = XCBuildConfiguration;
			buildSettings = {
				ALWAYS_SEARCH_USER_PATHS = NO;
				ASSETCATALOG_COMPILER_GENERATE_SWIFT_ASSET_SYMBOL_EXTENSIONS = YES;
				CLANG_ANALYZER_NONNULL = YES;
				CLANG_ANALYZER_NUMBER_OBJECT_CONVERSION = YES_AGGRESSIVE;
				CLANG_CXX_LANGUAGE_STANDARD = "gnu++20";
				CLANG_ENABLE_MODULES = YES;
				CLANG_ENABLE_OBJC_ARC = YES;
				CLANG_ENABLE_OBJC_WEAK = YES;
				CLANG_WARN_BLOCK_CAPTURE_AUTORELEASING = YES;
				CLANG_WARN_BOOL_CONVERSION = YES;
				CLANG_WARN_COMMA = YES;
				CLANG_WARN_CONSTANT_CONVERSION = YES;
				CLANG_WARN_DEPRECATED_OBJC_IMPLEMENTATIONS = YES;
				CLANG_WARN_DIRECT_OBJC_ISA_USAGE = YES_ERROR;
				CLANG_WARN_DOCUMENTATION_COMMENTS = YES;
				CLANG_WARN_EMPTY_BODY = YES;
				CLANG_WARN_ENUM_CONVERSION = YES;
				CLANG_WARN_INFINITE_RECURSION = YES;
				CLANG_WARN_INT_CONVERSION = YES;
				CLANG_WARN_NON_LITERAL_NULL_CONVERSION = YES;
				CLANG_WARN_OBJC_IMPLICIT_RETAIN_SELF = YES;
				CLANG_WARN_OBJC_LITERAL_CONVERSION = YES;
				CLANG_WARN_OBJC_ROOT_CLASS = YES_ERROR;
				CLANG_WARN_QUOTED_INCLUDE_IN_FRAMEWORK_HEADER = YES;
				CLANG_WARN_RANGE_LOOP_ANALYSIS = YES;
				CLANG_WARN_STRICT_PROTOTYPES = YES;
				CLANG_WARN_SUSPICIOUS_MOVE = YES;
				CLANG_WARN_UNGUARDED_AVAILABILITY = YES_AGGRESSIVE;
				CLANG_WARN_UNREACHABLE_CODE = YES;
				CLANG_WARN__DUPLICATE_METHOD_MATCH = YES;
				CODE_SIGN_ENTITLEMENTS = "";
				CODE_SIGN_IDENTITY = "Apple Development";
				COPY_PHASE_STRIP = NO;
				DEBUG_INFORMATION_FORMAT = dwarf;
				DEVELOPMENT_TEAM = 25GD72FQH7;
				ENABLE_STRICT_OBJC_MSGSEND = YES;
				ENABLE_TESTABILITY = YES;
				ENABLE_USER_SCRIPT_SANDBOXING = YES;
				GCC_C_LANGUAGE_STANDARD = gnu17;
				GCC_DYNAMIC_NO_PIC = NO;
				GCC_NO_COMMON_BLOCKS = YES;
				GCC_OPTIMIZATION_LEVEL = 0;
				GCC_PREPROCESSOR_DEFINITIONS = (
					"DEBUG=1",
					"$(inherited)",
				);
				GCC_WARN_64_TO_32_BIT_CONVERSION = YES;
				GCC_WARN_ABOUT_RETURN_TYPE = YES_ERROR;
				GCC_WARN_UNDECLARED_SELECTOR = YES;
				GCC_WARN_UNINITIALIZED_AUTOS = YES_AGGRESSIVE;
				GCC_WARN_UNUSED_FUNCTION = YES;
				GCC_WARN_UNUSED_VARIABLE = YES;
				IPHONEOS_DEPLOYMENT_TARGET = 18.4;
				LOCALIZATION_PREFERS_STRING_CATALOGS = YES;
				MTL_ENABLE_DEBUG_INFO = INCLUDE_SOURCE;
				MTL_FAST_MATH = YES;
				ONLY_ACTIVE_ARCH = YES;
				SDKROOT = iphoneos;
				STRING_CATALOG_GENERATE_SYMBOLS = YES;
				STRIP_DEBUG_SYMBOLS_DURING_COPY = NO;
				SWIFT_ACTIVE_COMPILATION_CONDITIONS = "DEBUG $(inherited)";
				SWIFT_OPTIMIZATION_LEVEL = "-Onone";
			};
			name = Debug;
		};
		89C17A412DF73D8C00B2480F /* Release configuration for PBXProject "Habitto" */ = {
			isa = XCBuildConfiguration;
			buildSettings = {
				ALWAYS_SEARCH_USER_PATHS = NO;
				ASSETCATALOG_COMPILER_GENERATE_SWIFT_ASSET_SYMBOL_EXTENSIONS = YES;
				CLANG_ANALYZER_NONNULL = YES;
				CLANG_ANALYZER_NUMBER_OBJECT_CONVERSION = YES_AGGRESSIVE;
				CLANG_CXX_LANGUAGE_STANDARD = "gnu++20";
				CLANG_ENABLE_MODULES = YES;
				CLANG_ENABLE_OBJC_ARC = YES;
				CLANG_ENABLE_OBJC_WEAK = YES;
				CLANG_WARN_BLOCK_CAPTURE_AUTORELEASING = YES;
				CLANG_WARN_BOOL_CONVERSION = YES;
				CLANG_WARN_COMMA = YES;
				CLANG_WARN_CONSTANT_CONVERSION = YES;
				CLANG_WARN_DEPRECATED_OBJC_IMPLEMENTATIONS = YES;
				CLANG_WARN_DIRECT_OBJC_ISA_USAGE = YES_ERROR;
				CLANG_WARN_DOCUMENTATION_COMMENTS = YES;
				CLANG_WARN_EMPTY_BODY = YES;
				CLANG_WARN_ENUM_CONVERSION = YES;
				CLANG_WARN_INFINITE_RECURSION = YES;
				CLANG_WARN_INT_CONVERSION = YES;
				CLANG_WARN_NON_LITERAL_NULL_CONVERSION = YES;
				CLANG_WARN_OBJC_IMPLICIT_RETAIN_SELF = YES;
				CLANG_WARN_OBJC_LITERAL_CONVERSION = YES;
				CLANG_WARN_OBJC_ROOT_CLASS = YES_ERROR;
				CLANG_WARN_QUOTED_INCLUDE_IN_FRAMEWORK_HEADER = YES;
				CLANG_WARN_RANGE_LOOP_ANALYSIS = YES;
				CLANG_WARN_STRICT_PROTOTYPES = YES;
				CLANG_WARN_SUSPICIOUS_MOVE = YES;
				CLANG_WARN_UNGUARDED_AVAILABILITY = YES_AGGRESSIVE;
				CLANG_WARN_UNREACHABLE_CODE = YES;
				CLANG_WARN__DUPLICATE_METHOD_MATCH = YES;
				CODE_SIGN_ENTITLEMENTS = "";
				CODE_SIGN_IDENTITY = "Apple Development";
				COPY_PHASE_STRIP = NO;
				DEBUG_INFORMATION_FORMAT = dwarf;
				DEVELOPMENT_TEAM = 25GD72FQH7;
				ENABLE_NS_ASSERTIONS = NO;
				ENABLE_STRICT_OBJC_MSGSEND = YES;
				ENABLE_USER_SCRIPT_SANDBOXING = YES;
				GCC_C_LANGUAGE_STANDARD = gnu17;
				GCC_NO_COMMON_BLOCKS = YES;
				GCC_WARN_64_TO_32_BIT_CONVERSION = YES;
				GCC_WARN_ABOUT_RETURN_TYPE = YES_ERROR;
				GCC_WARN_UNDECLARED_SELECTOR = YES;
				GCC_WARN_UNINITIALIZED_AUTOS = YES_AGGRESSIVE;
				GCC_WARN_UNUSED_FUNCTION = YES;
				GCC_WARN_UNUSED_VARIABLE = YES;
				IPHONEOS_DEPLOYMENT_TARGET = 18.4;
				LOCALIZATION_PREFERS_STRING_CATALOGS = YES;
				MTL_ENABLE_DEBUG_INFO = NO;
				MTL_FAST_MATH = YES;
				SDKROOT = iphoneos;
				STRING_CATALOG_GENERATE_SYMBOLS = YES;
				SWIFT_COMPILATION_MODE = wholemodule;
				VALIDATE_PRODUCT = YES;
			};
			name = Release;
		};
		89C17A432DF73D8C00B2480F /* Debug configuration for PBXNativeTarget "Habitto" */ = {
			isa = XCBuildConfiguration;
			buildSettings = {
				ASSETCATALOG_COMPILER_APPICON_NAME = HabittoAppIcon;
				ASSETCATALOG_COMPILER_GLOBAL_ACCENT_COLOR_NAME = AccentColor;
				ASSETCATALOG_COMPILER_INCLUDE_ALL_APPICON_ASSETS = YES;
				CODE_SIGN_ENTITLEMENTS = Habitto.entitlements;
				CODE_SIGN_IDENTITY = "Apple Development";
				CODE_SIGN_STYLE = Automatic;
				COPY_PHASE_STRIP = NO;
				CURRENT_PROJECT_VERSION = 1;
				DEBUG_INFORMATION_FORMAT = dwarf;
				DEVELOPMENT_TEAM = GVG7JYM6M8;
				DWARF_DSYM_FILE_SHOULD_ACCOMPANY_PRODUCT = YES;
				ENABLE_PREVIEWS = YES;
				GCC_GENERATE_DEBUGGING_SYMBOLS = YES;
				GENERATE_INFOPLIST_FILE = NO;
				INFOPLIST_FILE = "Config/App-Info.plist";
				INFOPLIST_KEY_CFBundleDisplayName = Habitto;
				INFOPLIST_KEY_LSApplicationCategoryType = "public.app-category.productivity";
				INFOPLIST_KEY_UIApplicationSceneManifest_Generation = YES;
				INFOPLIST_KEY_UIApplicationSupportsIndirectInputEvents = YES;
				INFOPLIST_KEY_UILaunchScreen_Generation = YES;
				INFOPLIST_KEY_UILaunchStoryboardName = SplashView.swift;
				INFOPLIST_KEY_UISupportedInterfaceOrientations = "UIInterfaceOrientationLandscapeLeft UIInterfaceOrientationLandscapeRight UIInterfaceOrientationPortrait UIInterfaceOrientationPortraitUpsideDown";
				INSTALL_PATH = "$(LOCAL_APPS_DIR)";
				IPHONEOS_DEPLOYMENT_TARGET = 18.0;
				LD_RUNPATH_SEARCH_PATHS = (
					"$(inherited)",
					"@executable_path/Frameworks",
				);
				MARKETING_VERSION = 1.0.4;
				OTHER_SWIFT_FLAGS = "$(inherited) -g";
				PRODUCT_BUNDLE_IDENTIFIER = "com.chloe-lee.Habitto";
				PRODUCT_NAME = "$(TARGET_NAME)";
				PRODUCT_TYPE = "com.apple.product-type.application";
				PROVISIONING_PROFILE_SPECIFIER = "";
				SEPARATE_DSYM = NO;
				SKIP_INSTALL = NO;
				STRIP_DEBUG_SYMBOLS_DURING_COPY = NO;
				SUPPORTED_PLATFORMS = "iphoneos iphonesimulator";
				SUPPORTS_MACCATALYST = NO;
				SUPPORTS_MAC_DESIGNED_FOR_IPHONE_IPAD = NO;
				SUPPORTS_XR_DESIGNED_FOR_IPHONE_IPAD = NO;
				SWIFT_EMIT_LOC_STRINGS = YES;
				SWIFT_GENERATE_DEBUGGING_SYMBOLS = YES;
				SWIFT_VERSION = 5.0;
				TARGETED_DEVICE_FAMILY = 1;
				com.apple.developer.applesignin = "$(PRODUCT_BUNDLE_IDENTIFIER)";
			};
			name = Debug;
		};
		89C17A442DF73D8C00B2480F /* Release configuration for PBXNativeTarget "Habitto" */ = {
			isa = XCBuildConfiguration;
			buildSettings = {
				ASSETCATALOG_COMPILER_APPICON_NAME = HabittoAppIcon;
				ASSETCATALOG_COMPILER_GLOBAL_ACCENT_COLOR_NAME = AccentColor;
				ASSETCATALOG_COMPILER_INCLUDE_ALL_APPICON_ASSETS = YES;
				CODE_SIGN_ENTITLEMENTS = HabittoRelease.entitlements;
				CODE_SIGN_IDENTITY = "Apple Development";
				CODE_SIGN_STYLE = Automatic;
				COPY_PHASE_STRIP = NO;
				CURRENT_PROJECT_VERSION = 1;
				DEBUG_INFORMATION_FORMAT = "dwarf-with-dsym";
				DEVELOPMENT_TEAM = GVG7JYM6M8;
				DWARF_DSYM_FILE_SHOULD_ACCOMPANY_PRODUCT = YES;
				ENABLE_PREVIEWS = YES;
				GCC_GENERATE_DEBUGGING_SYMBOLS = YES;
				GENERATE_INFOPLIST_FILE = NO;
				INFOPLIST_FILE = "Config/App-Info.plist";
				INFOPLIST_KEY_CFBundleDisplayName = Habitto;
				INFOPLIST_KEY_LSApplicationCategoryType = "public.app-category.productivity";
				INFOPLIST_KEY_UIApplicationSceneManifest_Generation = YES;
				INFOPLIST_KEY_UIApplicationSupportsIndirectInputEvents = YES;
				INFOPLIST_KEY_UILaunchScreen_Generation = YES;
				INFOPLIST_KEY_UILaunchStoryboardName = SplashView.swift;
				INFOPLIST_KEY_UISupportedInterfaceOrientations = "UIInterfaceOrientationLandscapeLeft UIInterfaceOrientationLandscapeRight UIInterfaceOrientationPortrait UIInterfaceOrientationPortraitUpsideDown";
				INSTALL_PATH = "$(LOCAL_APPS_DIR)";
				IPHONEOS_DEPLOYMENT_TARGET = 18.0;
				LD_RUNPATH_SEARCH_PATHS = (
					"$(inherited)",
					"@executable_path/Frameworks",
				);
				MARKETING_VERSION = 1.0.4;
				OTHER_SWIFT_FLAGS = "$(inherited) -g";
				PRODUCT_BUNDLE_IDENTIFIER = "com.chloe-lee.Habitto";
				PRODUCT_NAME = "$(TARGET_NAME)";
				PRODUCT_TYPE = "com.apple.product-type.application";
				PROVISIONING_PROFILE_SPECIFIER = "";
				SEPARATE_DSYM = YES;
				SKIP_INSTALL = NO;
				STRIP_DEBUG_SYMBOLS_DURING_COPY = NO;
				SUPPORTED_PLATFORMS = "iphoneos iphonesimulator";
				SUPPORTS_MACCATALYST = NO;
				SUPPORTS_MAC_DESIGNED_FOR_IPHONE_IPAD = NO;
				SUPPORTS_XR_DESIGNED_FOR_IPHONE_IPAD = NO;
				SWIFT_EMIT_LOC_STRINGS = YES;
				SWIFT_GENERATE_DEBUGGING_SYMBOLS = YES;
				SWIFT_VERSION = 5.0;
				TARGETED_DEVICE_FAMILY = 1;
				com.apple.developer.applesignin = "$(PRODUCT_BUNDLE_IDENTIFIER)";
			};
			name = Release;
		};
/* End XCBuildConfiguration section */

/* Begin XCConfigurationList section */
		89C17A322DF73D8A00B2480F /* Build configuration list for PBXProject "Habitto" */ = {
			isa = XCConfigurationList;
			buildConfigurations = (
				89C17A402DF73D8C00B2480F /* Debug configuration for PBXProject "Habitto" */,
				89C17A412DF73D8C00B2480F /* Release configuration for PBXProject "Habitto" */,
			);
			defaultConfigurationName = Release;
		};
		89C17A422DF73D8C00B2480F /* Build configuration list for PBXNativeTarget "Habitto" */ = {
			isa = XCConfigurationList;
			buildConfigurations = (
				89C17A432DF73D8C00B2480F /* Debug configuration for PBXNativeTarget "Habitto" */,
				89C17A442DF73D8C00B2480F /* Release configuration for PBXNativeTarget "Habitto" */,
			);
			defaultConfigurationName = Release;
		};
/* End XCConfigurationList section */

/* Begin XCRemoteSwiftPackageReference section */
		8935E7852E7C2204004BF684 /* XCRemoteSwiftPackageReference "lottie-spm" */ = {
			isa = XCRemoteSwiftPackageReference;
			repositoryURL = "https://github.com/airbnb/lottie-spm.git";
			requirement = {
				kind = upToNextMajorVersion;
				minimumVersion = 4.5.2;
			};
		};
		8935E7882E7C2260004BF684 /* XCRemoteSwiftPackageReference "firebase-ios-sdk" */ = {
			isa = XCRemoteSwiftPackageReference;
			repositoryURL = "https://github.com/firebase/firebase-ios-sdk";
			requirement = {
				kind = upToNextMajorVersion;
				minimumVersion = 12.3.0;
			};
		};
		8935E7912E7C2278004BF684 /* XCRemoteSwiftPackageReference "GoogleSignIn-iOS" */ = {
			isa = XCRemoteSwiftPackageReference;
			repositoryURL = "https://github.com/google/GoogleSignIn-iOS";
			requirement = {
				kind = upToNextMajorVersion;
				minimumVersion = 9.0.0;
			};
		};
		89383AA92E919C8800AF39E5 /* XCRemoteSwiftPackageReference "Popups" */ = {
			isa = XCRemoteSwiftPackageReference;
			repositoryURL = "https://github.com/Mijick/Popups.git";
			requirement = {
				kind = upToNextMajorVersion;
				minimumVersion = 4.0.2;
			};
		};
/* End XCRemoteSwiftPackageReference section */

/* Begin XCSwiftPackageProductDependency section */
		8935E7862E7C2204004BF684 /* Lottie */ = {
			isa = XCSwiftPackageProductDependency;
			package = 8935E7852E7C2204004BF684 /* XCRemoteSwiftPackageReference "lottie-spm" */;
			productName = Lottie;
		};
		8935E78B2E7C2260004BF684 /* FirebaseAuth */ = {
			isa = XCSwiftPackageProductDependency;
			package = 8935E7882E7C2260004BF684 /* XCRemoteSwiftPackageReference "firebase-ios-sdk" */;
			productName = FirebaseAuth;
		};
		8935E78D2E7C2260004BF684 /* FirebaseCore */ = {
			isa = XCSwiftPackageProductDependency;
			package = 8935E7882E7C2260004BF684 /* XCRemoteSwiftPackageReference "firebase-ios-sdk" */;
			productName = FirebaseCore;
		};
		8935E7922E7C2278004BF684 /* GoogleSignIn */ = {
			isa = XCSwiftPackageProductDependency;
			package = 8935E7912E7C2278004BF684 /* XCRemoteSwiftPackageReference "GoogleSignIn-iOS" */;
			productName = GoogleSignIn;
		};
		89383AAA2E919C8800AF39E5 /* MijickPopups */ = {
			isa = XCSwiftPackageProductDependency;
			package = 89383AA92E919C8800AF39E5 /* XCRemoteSwiftPackageReference "Popups" */;
			productName = MijickPopups;
		};
		8980C1502E9AA91C00E491FB /* FirebaseCrashlytics */ = {
			isa = XCSwiftPackageProductDependency;
			package = 8935E7882E7C2260004BF684 /* XCRemoteSwiftPackageReference "firebase-ios-sdk" */;
			productName = FirebaseCrashlytics;
		};
		8980C1522E9AA92400E491FB /* FirebaseRemoteConfig */ = {
			isa = XCSwiftPackageProductDependency;
			package = 8935E7882E7C2260004BF684 /* XCRemoteSwiftPackageReference "firebase-ios-sdk" */;
			productName = FirebaseRemoteConfig;
		};
		8980C2162E9F880500E491FB /* FirebaseFirestore */ = {
			isa = XCSwiftPackageProductDependency;
			package = 8935E7882E7C2260004BF684 /* XCRemoteSwiftPackageReference "firebase-ios-sdk" */;
			productName = FirebaseFirestore;
		};
/* End XCSwiftPackageProductDependency section */
	};
	rootObject = 89C17A2F2DF73D8A00B2480F /* Project object */;
}
