// !$*UTF8*$!
{
	archiveVersion = 1;
	classes = {
	};
	objectVersion = 90;
	objects = {

/* Begin PBXBuildFile section */
		8935E7872E7C2204004BF684 /* Lottie in Frameworks */ = {isa = PBXBuildFile; productRef = 8935E7862E7C2204004BF684 /* Lottie */; };
		8935E78C2E7C2260004BF684 /* FirebaseAuth in Frameworks */ = {isa = PBXBuildFile; productRef = 8935E78B2E7C2260004BF684 /* FirebaseAuth */; };
		8935E78E2E7C2260004BF684 /* FirebaseCore in Frameworks */ = {isa = PBXBuildFile; productRef = 8935E78D2E7C2260004BF684 /* FirebaseCore */; };
		8935E7932E7C2278004BF684 /* GoogleSignIn in Frameworks */ = {isa = PBXBuildFile; productRef = 8935E7922E7C2278004BF684 /* GoogleSignIn */; };
		893628BA2F13964E006C927E /* WidgetKit.framework in Frameworks */ = {isa = PBXBuildFile; fileRef = 890C9EDC2E4E05B7006E28C7 /* WidgetKit.framework */; };
		893628BB2F13964E006C927E /* SwiftUI.framework in Frameworks */ = {isa = PBXBuildFile; fileRef = 890C9EDE2E4E05B8006E28C7 /* SwiftUI.framework */; };
		893628C62F139650006C927E /* HabittoWidgetExtension.appex in Embed Foundation Extensions */ = {isa = PBXBuildFile; fileRef = 893628B92F13964E006C927E /* HabittoWidgetExtension.appex */; settings = {ATTRIBUTES = (RemoveHeadersOnCopy, ); }; };
		89383AAB2E919C8800AF39E5 /* MijickPopups in Frameworks */ = {isa = PBXBuildFile; productRef = 89383AAA2E919C8800AF39E5 /* MijickPopups */; };
		8980C1512E9AA91C00E491FB /* FirebaseCrashlytics in Frameworks */ = {isa = PBXBuildFile; productRef = 8980C1502E9AA91C00E491FB /* FirebaseCrashlytics */; };
		8980C1532E9AA92400E491FB /* FirebaseRemoteConfig in Frameworks */ = {isa = PBXBuildFile; productRef = 8980C1522E9AA92400E491FB /* FirebaseRemoteConfig */; };
		8980C2172E9F880500E491FB /* FirebaseFirestore in Frameworks */ = {isa = PBXBuildFile; productRef = 8980C2162E9F880500E491FB /* FirebaseFirestore */; };
		89F196022ECF79D10034041F /* StoreKit.framework in Frameworks */ = {isa = PBXBuildFile; fileRef = 89F196012ECF79D10034041F /* StoreKit.framework */; };
/* End PBXBuildFile section */

/* Begin PBXContainerItemProxy section */
		893628C42F139650006C927E /* PBXContainerItemProxy */ = {
			isa = PBXContainerItemProxy;
			containerPortal = 89C17A2F2DF73D8A00B2480F /* Project object */;
			proxyType = 1;
			remoteGlobalIDString = 893628B82F13964E006C927E;
			remoteInfo = HabittoWidgetExtension;
		};
/* End PBXContainerItemProxy section */

/* Begin PBXCopyFilesBuildPhase section */
		890C9EF52E4E05BA006E28C7 /* Embed Foundation Extensions */ = {
			isa = PBXCopyFilesBuildPhase;
			dstPath = "";
			dstSubfolder = None;
			files = (
			);
			name = "Embed Foundation Extensions";
		};
		893628C72F139650006C927E /* Embed Foundation Extensions */ = {
			isa = PBXCopyFilesBuildPhase;
			dstPath = "";
			dstSubfolder = PlugIns;
			files = (
				893628C62F139650006C927E /* HabittoWidgetExtension.appex in Embed Foundation Extensions */,
			);
			name = "Embed Foundation Extensions";
		};
/* End PBXCopyFilesBuildPhase section */

/* Begin PBXFileReference section */
		890C9EDC2E4E05B7006E28C7 /* WidgetKit.framework */ = {isa = PBXFileReference; lastKnownFileType = wrapper.framework; name = WidgetKit.framework; path = System/Library/Frameworks/WidgetKit.framework; sourceTree = SDKROOT; };
		890C9EDE2E4E05B8006E28C7 /* SwiftUI.framework */ = {isa = PBXFileReference; lastKnownFileType = wrapper.framework; name = SwiftUI.framework; path = System/Library/Frameworks/SwiftUI.framework; sourceTree = SDKROOT; };
		892CC7432F1E3B1900A1AD64 /* Habitto.xcodeproj */ = {isa = PBXFileReference; lastKnownFileType = "wrapper.pb-project"; path = Habitto.xcodeproj; sourceTree = "<group>"; };
		89317DC32F1CEFFA009DB565 /* Habitto.xcodeproj */ = {isa = PBXFileReference; lastKnownFileType = "wrapper.pb-project"; path = Habitto.xcodeproj; sourceTree = "<group>"; };
		8932309A2F1CFCE8002D1248 /* Habitto.xcodeproj */ = {isa = PBXFileReference; lastKnownFileType = "wrapper.pb-project"; path = Habitto.xcodeproj; sourceTree = "<group>"; };
		893624CF2F1393AF006C927E /* Habitto.xcodeproj */ = {isa = PBXFileReference; lastKnownFileType = "wrapper.pb-project"; path = Habitto.xcodeproj; sourceTree = "<group>"; };
		893628B92F13964E006C927E /* HabittoWidgetExtension.appex */ = {isa = PBXFileReference; explicitFileType = "wrapper.app-extension"; includeInIndex = 0; path = HabittoWidgetExtension.appex; sourceTree = BUILT_PRODUCTS_DIR; };
		893628D52F139670006C927E /* HabittoWidgetExtension.entitlements */ = {isa = PBXFileReference; lastKnownFileType = text.plist.entitlements; path = HabittoWidgetExtension.entitlements; sourceTree = "<group>"; };
		893B3EBF2F1D56A70055AC6D /* Habitto.xcodeproj */ = {isa = PBXFileReference; lastKnownFileType = "wrapper.pb-project"; path = Habitto.xcodeproj; sourceTree = "<group>"; };
		894FEC512F14008D0022BF50 /* Habitto.xcodeproj */ = {isa = PBXFileReference; lastKnownFileType = "wrapper.pb-project"; path = Habitto.xcodeproj; sourceTree = "<group>"; };
		8950B1132F1969C500750BFC /* Habitto.xcodeproj */ = {isa = PBXFileReference; lastKnownFileType = "wrapper.pb-project"; path = Habitto.xcodeproj; sourceTree = "<group>"; };
		89552A112F1D16B600C70CA7 /* Habitto.xcodeproj */ = {isa = PBXFileReference; lastKnownFileType = "wrapper.pb-project"; path = Habitto.xcodeproj; sourceTree = "<group>"; };
		8958E9BA2E93AEC900AC3DB8 /* HabittoAppIcon.icon */ = {isa = PBXFileReference; lastKnownFileType = wrapper; path = HabittoAppIcon.icon; sourceTree = "<group>"; };
		896B96922F191C7100E4AAA2 /* Habitto.xcodeproj */ = {isa = PBXFileReference; lastKnownFileType = "wrapper.pb-project"; path = Habitto.xcodeproj; sourceTree = "<group>"; };
		897A76092F13907D004338E4 /* Habitto.xcodeproj */ = {isa = PBXFileReference; lastKnownFileType = "wrapper.pb-project"; path = Habitto.xcodeproj; sourceTree = "<group>"; };
		897D09442F1CD1F40074EA87 /* Habitto.xcodeproj */ = {isa = PBXFileReference; lastKnownFileType = "wrapper.pb-project"; path = Habitto.xcodeproj; sourceTree = "<group>"; };
		898A62A62F1CE996002AFDEC /* Habitto.xcodeproj */ = {isa = PBXFileReference; lastKnownFileType = "wrapper.pb-project"; path = Habitto.xcodeproj; sourceTree = "<group>"; };
		89AF58C92F114EBF0092F84C /* Habitto.xcodeproj */ = {isa = PBXFileReference; lastKnownFileType = "wrapper.pb-project"; path = Habitto.xcodeproj; sourceTree = "<group>"; };
		89AF5CB32F12B2710092F84C /* HabittoWidgetExtension.appex */ = {isa = PBXFileReference; explicitFileType = "wrapper.app-extension"; includeInIndex = 0; path = HabittoWidgetExtension.appex; sourceTree = BUILT_PRODUCTS_DIR; };
		89B87C7A2F1E8D2400DA6145 /* Habitto.xcodeproj */ = {isa = PBXFileReference; lastKnownFileType = "wrapper.pb-project"; path = Habitto.xcodeproj; sourceTree = "<group>"; };
		89BA65E62F139B2100FD46B4 /* Habitto.xcodeproj */ = {isa = PBXFileReference; lastKnownFileType = "wrapper.pb-project"; path = Habitto.xcodeproj; sourceTree = "<group>"; };
		89BA76162F139F8100FD46B4 /* Habitto.xcodeproj */ = {isa = PBXFileReference; lastKnownFileType = "wrapper.pb-project"; path = Habitto.xcodeproj; sourceTree = "<group>"; };
		89BECE4E2F1125CA00A8DFE9 /* Habitto.xcodeproj */ = {isa = PBXFileReference; lastKnownFileType = "wrapper.pb-project"; path = Habitto.xcodeproj; sourceTree = "<group>"; };
		89C17A372DF73D8A00B2480F /* Habitto.app */ = {isa = PBXFileReference; explicitFileType = wrapper.application; includeInIndex = 0; path = Habitto.app; sourceTree = BUILT_PRODUCTS_DIR; };
		89C6A44E2F1017A600B0ABCE /* Habitto.xcodeproj */ = {isa = PBXFileReference; lastKnownFileType = "wrapper.pb-project"; path = Habitto.xcodeproj; sourceTree = "<group>"; };
		89DC610D2F15668000E07882 /* Habitto.xcodeproj */ = {isa = PBXFileReference; lastKnownFileType = "wrapper.pb-project"; path = Habitto.xcodeproj; sourceTree = "<group>"; };
		89E1895D2F1560F900DCDDC0 /* Habitto.xcodeproj */ = {isa = PBXFileReference; lastKnownFileType = "wrapper.pb-project"; path = Habitto.xcodeproj; sourceTree = "<group>"; };
		89E311912F151D2D0069BD8F /* Habitto.xcodeproj */ = {isa = PBXFileReference; lastKnownFileType = "wrapper.pb-project"; path = Habitto.xcodeproj; sourceTree = "<group>"; };
		89EF149A2F1122FB00C61B7E /* Habitto.xcodeproj */ = {isa = PBXFileReference; lastKnownFileType = "wrapper.pb-project"; path = Habitto.xcodeproj; sourceTree = "<group>"; };
		89F196012ECF79D10034041F /* StoreKit.framework */ = {isa = PBXFileReference; lastKnownFileType = wrapper.framework; name = StoreKit.framework; path = System/Library/Frameworks/StoreKit.framework; sourceTree = SDKROOT; };
/* End PBXFileReference section */

/* Begin PBXFileSystemSynchronizedBuildFileExceptionSet section */
		893628D82F139860006C927E /* Exceptions for "HabittoWidget" folder in "HabittoWidgetExtension" target */ = {
			isa = PBXFileSystemSynchronizedBuildFileExceptionSet;
			membershipExceptions = (
				Info.plist,
			);
			target = 893628B82F13964E006C927E /* HabittoWidgetExtension */;
		};
		8940C6EE2E885F2D00E7B437 /* Exceptions for "." folder in "Habitto" target */ = {
			isa = PBXFileSystemSynchronizedBuildFileExceptionSet;
			membershipExceptions = (
				.gitignore,
				"Config/App-Info.plist",
				firebase.json,
				HabittoWidget/HabittoWidget.swift,
				HabittoWidget/HabittoWidgetBundle.swift,
				HabittoWidget/Info.plist,
				package.json,
			);
			target = 89C17A362DF73D8A00B2480F /* Habitto */;
		};
		89BA7A132F13B18700FD46B4 /* Exceptions for "." folder in "HabittoWidgetExtension" target */ = {
			isa = PBXFileSystemSynchronizedBuildFileExceptionSet;
			membershipExceptions = (
				Assets/Icons.xcassets,
				Assets/SemanticColors.xcassets,
				HabittoAppIcon.icon,
				Shared/DateKeyUtils.swift,
				Shared/HabitWidgetData.swift,
			);
			target = 893628B82F13964E006C927E /* HabittoWidgetExtension */;
		};
/* End PBXFileSystemSynchronizedBuildFileExceptionSet section */

/* Begin PBXFileSystemSynchronizedRootGroup section */
		893628BC2F13964E006C927E /* HabittoWidget */ = {
			isa = PBXFileSystemSynchronizedRootGroup;
			exceptions = (
				893628D82F139860006C927E /* Exceptions for "HabittoWidget" folder in "HabittoWidgetExtension" target */,
			);
			path = HabittoWidget;
			sourceTree = "<group>";
		};
		89C17A392DF73D8A00B2480F /* . */ = {
			isa = PBXFileSystemSynchronizedRootGroup;
			exceptions = (
				8940C6EE2E885F2D00E7B437 /* Exceptions for "." folder in "Habitto" target */,
				89BA7A132F13B18700FD46B4 /* Exceptions for "." folder in "HabittoWidgetExtension" target */,
			);
			path = .;
			sourceTree = "<group>";
		};
/* End PBXFileSystemSynchronizedRootGroup section */

/* Begin PBXFrameworksBuildPhase section */
		893628B62F13964E006C927E /* Frameworks */ = {
			isa = PBXFrameworksBuildPhase;
			files = (
				893628BB2F13964E006C927E /* SwiftUI.framework in Frameworks */,
				893628BA2F13964E006C927E /* WidgetKit.framework in Frameworks */,
			);
		};
		89C17A342DF73D8A00B2480F /* Frameworks */ = {
			isa = PBXFrameworksBuildPhase;
			files = (
				8980C1532E9AA92400E491FB /* FirebaseRemoteConfig in Frameworks */,
				8935E78E2E7C2260004BF684 /* FirebaseCore in Frameworks */,
				8935E7872E7C2204004BF684 /* Lottie in Frameworks */,
				8980C2172E9F880500E491FB /* FirebaseFirestore in Frameworks */,
				89383AAB2E919C8800AF39E5 /* MijickPopups in Frameworks */,
				8935E78C2E7C2260004BF684 /* FirebaseAuth in Frameworks */,
				8980C1512E9AA91C00E491FB /* FirebaseCrashlytics in Frameworks */,
				8935E7932E7C2278004BF684 /* GoogleSignIn in Frameworks */,
				89F196022ECF79D10034041F /* StoreKit.framework in Frameworks */,
			);
		};
/* End PBXFrameworksBuildPhase section */

/* Begin PBXGroup section */
		890C9EDB2E4E05B7006E28C7 /* Frameworks */ = {
			isa = PBXGroup;
			children = (
				89F196012ECF79D10034041F /* StoreKit.framework */,
				890C9EDC2E4E05B7006E28C7 /* WidgetKit.framework */,
				890C9EDE2E4E05B8006E28C7 /* SwiftUI.framework */,
			);
			name = Frameworks;
			sourceTree = "<group>";
		};
		892CC76C2F1E3B1900A1AD64 /* Products */ = {
			isa = PBXGroup;
			name = Products;
			sourceTree = "<group>";
		};
		89317DE72F1CEFFA009DB565 /* Products */ = {
			isa = PBXGroup;
			name = Products;
			sourceTree = "<group>";
		};
		893230BE2F1CFCE8002D1248 /* Products */ = {
			isa = PBXGroup;
			name = Products;
			sourceTree = "<group>";
		};
		893624E72F1393AF006C927E /* Products */ = {
			isa = PBXGroup;
			name = Products;
			sourceTree = "<group>";
		};
		893B3EE72F1D56A70055AC6D /* Products */ = {
			isa = PBXGroup;
			name = Products;
			sourceTree = "<group>";
		};
		894FEC6E2F14008D0022BF50 /* Products */ = {
			isa = PBXGroup;
			name = Products;
			sourceTree = "<group>";
		};
		8950B1332F1969C500750BFC /* Products */ = {
			isa = PBXGroup;
			name = Products;
			sourceTree = "<group>";
		};
		89552A372F1D16B600C70CA7 /* Products */ = {
			isa = PBXGroup;
			name = Products;
			sourceTree = "<group>";
		};
		896B96B22F191C7100E4AAA2 /* Products */ = {
			isa = PBXGroup;
			name = Products;
			sourceTree = "<group>";
		};
		897A76222F13907D004338E4 /* Products */ = {
			isa = PBXGroup;
			name = Products;
			sourceTree = "<group>";
		};
		897D09642F1CD1F40074EA87 /* Products */ = {
			isa = PBXGroup;
			name = Products;
			sourceTree = "<group>";
		};
		898A62CA2F1CE996002AFDEC /* Products */ = {
			isa = PBXGroup;
			name = Products;
			sourceTree = "<group>";
		};
		89AF58DF2F114EBF0092F84C /* Products */ = {
			isa = PBXGroup;
			name = Products;
			sourceTree = "<group>";
		};
		89B87CAA2F1E8D2400DA6145 /* Products */ = {
			isa = PBXGroup;
			name = Products;
			sourceTree = "<group>";
		};
		89BA65FF2F139B2100FD46B4 /* Products */ = {
			isa = PBXGroup;
			name = Products;
			sourceTree = "<group>";
		};
		89BA762F2F139F8100FD46B4 /* Products */ = {
			isa = PBXGroup;
			name = Products;
			sourceTree = "<group>";
		};
		89BECE642F1125CA00A8DFE9 /* Products */ = {
			isa = PBXGroup;
			name = Products;
			sourceTree = "<group>";
		};
		89C17A2E2DF73D8A00B2480F = {
			isa = PBXGroup;
			children = (
				893628D52F139670006C927E /* HabittoWidgetExtension.entitlements */,
				89C17A392DF73D8A00B2480F /* . */,
				893628BC2F13964E006C927E /* HabittoWidget */,
				890C9EDB2E4E05B7006E28C7 /* Frameworks */,
				89C17A382DF73D8A00B2480F /* Products */,
				8958E9BA2E93AEC900AC3DB8 /* HabittoAppIcon.icon */,
			);
			sourceTree = "<group>";
		};
		89C17A382DF73D8A00B2480F /* Products */ = {
			isa = PBXGroup;
			children = (
				89C17A372DF73D8A00B2480F /* Habitto.app */,
				89AF5CB32F12B2710092F84C /* HabittoWidgetExtension.appex */,
				893628B92F13964E006C927E /* HabittoWidgetExtension.appex */,
			);
			name = Products;
			sourceTree = "<group>";
		};
		89C6A4642F1017A600B0ABCE /* Products */ = {
			isa = PBXGroup;
			name = Products;
			sourceTree = "<group>";
		};
		89DC612D2F15668000E07882 /* Products */ = {
			isa = PBXGroup;
			name = Products;
			sourceTree = "<group>";
		};
		89E1897D2F1560F900DCDDC0 /* Products */ = {
			isa = PBXGroup;
			name = Products;
			sourceTree = "<group>";
		};
		89E311B12F151D2D0069BD8F /* Products */ = {
			isa = PBXGroup;
			name = Products;
			sourceTree = "<group>";
		};
		89EF14B02F1122FB00C61B7E /* Products */ = {
			isa = PBXGroup;
			name = Products;
			sourceTree = "<group>";
		};
/* End PBXGroup section */

/* Begin PBXNativeTarget section */
		893628B82F13964E006C927E /* HabittoWidgetExtension */ = {
			isa = PBXNativeTarget;
			buildConfigurationList = 893628CA2F139650006C927E /* Build configuration list for PBXNativeTarget "HabittoWidgetExtension" */;
			buildPhases = (
				893628B52F13964E006C927E /* Sources */,
				893628B62F13964E006C927E /* Frameworks */,
				893628B72F13964E006C927E /* Resources */,
			);
			buildRules = (
			);
			fileSystemSynchronizedGroups = (
				893628BC2F13964E006C927E /* HabittoWidget */,
			);
			name = HabittoWidgetExtension;
			productName = HabittoWidgetExtension;
			productReference = 893628B92F13964E006C927E /* HabittoWidgetExtension.appex */;
			productType = "com.apple.product-type.app-extension";
		};
		89C17A362DF73D8A00B2480F /* Habitto */ = {
			isa = PBXNativeTarget;
			buildConfigurationList = 89C17A422DF73D8C00B2480F /* Build configuration list for PBXNativeTarget "Habitto" */;
			buildPhases = (
				89C17A332DF73D8A00B2480F /* Sources */,
				89C17A342DF73D8A00B2480F /* Frameworks */,
				89C17A352DF73D8A00B2480F /* Resources */,
				890C9EF52E4E05BA006E28C7 /* Embed Foundation Extensions */,
				893628C72F139650006C927E /* Embed Foundation Extensions */,
			);
			buildRules = (
			);
			dependencies = (
				893628C52F139650006C927E /* PBXTargetDependency */,
			);
			fileSystemSynchronizedGroups = (
				89C17A392DF73D8A00B2480F /* . */,
			);
			name = Habitto;
			packageProductDependencies = (
				8935E7862E7C2204004BF684 /* Lottie */,
				8935E78B2E7C2260004BF684 /* FirebaseAuth */,
				8935E78D2E7C2260004BF684 /* FirebaseCore */,
				8935E7922E7C2278004BF684 /* GoogleSignIn */,
				89383AAA2E919C8800AF39E5 /* MijickPopups */,
				8980C1502E9AA91C00E491FB /* FirebaseCrashlytics */,
				8980C1522E9AA92400E491FB /* FirebaseRemoteConfig */,
				8980C2162E9F880500E491FB /* FirebaseFirestore */,
			);
			productName = Habitto;
			productReference = 89C17A372DF73D8A00B2480F /* Habitto.app */;
			productType = "com.apple.product-type.application";
		};
/* End PBXNativeTarget section */

/* Begin PBXProject section */
		89C17A2F2DF73D8A00B2480F /* Project object */ = {
			isa = PBXProject;
			attributes = {
				BuildIndependentTargetsInParallel = 1;
				LastSwiftUpdateCheck = 2610;
				LastUpgradeCheck = 2610;
				TargetAttributes = {
					893628B82F13964E006C927E = {
						CreatedOnToolsVersion = 26.1.1;
					};
					89C17A362DF73D8A00B2480F = {
						CreatedOnToolsVersion = 16.3;
					};
				};
			};
			buildConfigurationList = 89C17A322DF73D8A00B2480F /* Build configuration list for PBXProject "Habitto" */;
			developmentRegion = en;
			hasScannedForEncodings = 0;
			knownRegions = (
				en,
				Base,
			);
			mainGroup = 89C17A2E2DF73D8A00B2480F;
			minimizedProjectReferenceProxies = 1;
			packageReferences = (
				8935E7852E7C2204004BF684 /* XCRemoteSwiftPackageReference "lottie-spm" */,
				8935E7882E7C2260004BF684 /* XCRemoteSwiftPackageReference "firebase-ios-sdk" */,
				8935E7912E7C2278004BF684 /* XCRemoteSwiftPackageReference "GoogleSignIn-iOS" */,
				89383AA92E919C8800AF39E5 /* XCRemoteSwiftPackageReference "Popups" */,
			);
			preferredProjectObjectVersion = 90;
			productRefGroup = 89C17A382DF73D8A00B2480F /* Products */;
			projectDirPath = "";
			projectReferences = (
				{
					ProductGroup = 8950B1332F1969C500750BFC /* Products */;
					ProjectRef = 8950B1132F1969C500750BFC /* Habitto.xcodeproj */;
				},
				{
					ProductGroup = 896B96B22F191C7100E4AAA2 /* Products */;
					ProjectRef = 896B96922F191C7100E4AAA2 /* Habitto.xcodeproj */;
				},
				{
					ProductGroup = 894FEC6E2F14008D0022BF50 /* Products */;
					ProjectRef = 894FEC512F14008D0022BF50 /* Habitto.xcodeproj */;
				},
				{
					ProductGroup = 89EF14B02F1122FB00C61B7E /* Products */;
					ProjectRef = 89EF149A2F1122FB00C61B7E /* Habitto.xcodeproj */;
				},
				{
					ProductGroup = 89BA762F2F139F8100FD46B4 /* Products */;
					ProjectRef = 89BA76162F139F8100FD46B4 /* Habitto.xcodeproj */;
				},
				{
					ProductGroup = 89E1897D2F1560F900DCDDC0 /* Products */;
					ProjectRef = 89E1895D2F1560F900DCDDC0 /* Habitto.xcodeproj */;
				},
				{
					ProductGroup = 897D09642F1CD1F40074EA87 /* Products */;
					ProjectRef = 897D09442F1CD1F40074EA87 /* Habitto.xcodeproj */;
				},
				{
					ProductGroup = 898A62CA2F1CE996002AFDEC /* Products */;
					ProjectRef = 898A62A62F1CE996002AFDEC /* Habitto.xcodeproj */;
				},
				{
					ProductGroup = 893230BE2F1CFCE8002D1248 /* Products */;
					ProjectRef = 8932309A2F1CFCE8002D1248 /* Habitto.xcodeproj */;
				},
				{
					ProductGroup = 89B87CAA2F1E8D2400DA6145 /* Products */;
					ProjectRef = 89B87C7A2F1E8D2400DA6145 /* Habitto.xcodeproj */;
				},
				{
					ProductGroup = 892CC76C2F1E3B1900A1AD64 /* Products */;
					ProjectRef = 892CC7432F1E3B1900A1AD64 /* Habitto.xcodeproj */;
				},
				{
					ProductGroup = 893624E72F1393AF006C927E /* Products */;
					ProjectRef = 893624CF2F1393AF006C927E /* Habitto.xcodeproj */;
				},
				{
					ProductGroup = 89AF58DF2F114EBF0092F84C /* Products */;
					ProjectRef = 89AF58C92F114EBF0092F84C /* Habitto.xcodeproj */;
				},
				{
					ProductGroup = 893B3EE72F1D56A70055AC6D /* Products */;
					ProjectRef = 893B3EBF2F1D56A70055AC6D /* Habitto.xcodeproj */;
				},
				{
					ProductGroup = 89552A372F1D16B600C70CA7 /* Products */;
					ProjectRef = 89552A112F1D16B600C70CA7 /* Habitto.xcodeproj */;
				},
				{
					ProductGroup = 89BECE642F1125CA00A8DFE9 /* Products */;
					ProjectRef = 89BECE4E2F1125CA00A8DFE9 /* Habitto.xcodeproj */;
				},
				{
					ProductGroup = 89C6A4642F1017A600B0ABCE /* Products */;
					ProjectRef = 89C6A44E2F1017A600B0ABCE /* Habitto.xcodeproj */;
				},
				{
					ProductGroup = 897A76222F13907D004338E4 /* Products */;
					ProjectRef = 897A76092F13907D004338E4 /* Habitto.xcodeproj */;
				},
				{
					ProductGroup = 89317DE72F1CEFFA009DB565 /* Products */;
					ProjectRef = 89317DC32F1CEFFA009DB565 /* Habitto.xcodeproj */;
				},
				{
					ProductGroup = 89BA65FF2F139B2100FD46B4 /* Products */;
					ProjectRef = 89BA65E62F139B2100FD46B4 /* Habitto.xcodeproj */;
				},
				{
					ProductGroup = 89DC612D2F15668000E07882 /* Products */;
					ProjectRef = 89DC610D2F15668000E07882 /* Habitto.xcodeproj */;
				},
				{
					ProductGroup = 89E311B12F151D2D0069BD8F /* Products */;
					ProjectRef = 89E311912F151D2D0069BD8F /* Habitto.xcodeproj */;
				},
			);
			projectRoot = "";
			targets = (
				89C17A362DF73D8A00B2480F /* Habitto */,
				893628B82F13964E006C927E /* HabittoWidgetExtension */,
			);
		};
/* End PBXProject section */

/* Begin PBXResourcesBuildPhase section */
		893628B72F13964E006C927E /* Resources */ = {
			isa = PBXResourcesBuildPhase;
			files = (
			);
		};
		89C17A352DF73D8A00B2480F /* Resources */ = {
			isa = PBXResourcesBuildPhase;
			files = (
			);
		};
/* End PBXResourcesBuildPhase section */

/* Begin PBXSourcesBuildPhase section */
		893628B52F13964E006C927E /* Sources */ = {
			isa = PBXSourcesBuildPhase;
			files = (
			);
		};
		89C17A332DF73D8A00B2480F /* Sources */ = {
			isa = PBXSourcesBuildPhase;
			files = (
			);
		};
/* End PBXSourcesBuildPhase section */

/* Begin PBXTargetDependency section */
		893628C52F139650006C927E /* PBXTargetDependency */ = {
			isa = PBXTargetDependency;
			target = 893628B82F13964E006C927E /* HabittoWidgetExtension */;
			targetProxy = 893628C42F139650006C927E /* PBXContainerItemProxy */;
		};
/* End PBXTargetDependency section */

/* Begin XCBuildConfiguration section */
		893628C82F139650006C927E /* Debug configuration for PBXNativeTarget "HabittoWidgetExtension" */ = {
			isa = XCBuildConfiguration;
			buildSettings = {
				ASSETCATALOG_COMPILER_GLOBAL_ACCENT_COLOR_NAME = AccentColor;
				ASSETCATALOG_COMPILER_WIDGET_BACKGROUND_COLOR_NAME = WidgetBackground;
				CODE_SIGN_ENTITLEMENTS = HabittoWidgetExtension.entitlements;
				CODE_SIGN_IDENTITY = "Apple Development";
				CODE_SIGN_STYLE = Automatic;
				CURRENT_PROJECT_VERSION = 2;
				DEVELOPMENT_TEAM = GVG7JYM6M8;
				GENERATE_INFOPLIST_FILE = YES;
				INFOPLIST_FILE = HabittoWidget/Info.plist;
				INFOPLIST_KEY_CFBundleDisplayName = HabittoWidget;
				INFOPLIST_KEY_NSHumanReadableCopyright = "";
				IPHONEOS_DEPLOYMENT_TARGET = 26.1;
				LD_RUNPATH_SEARCH_PATHS = (
					"$(inherited)",
					"@executable_path/Frameworks",
					"@executable_path/../../Frameworks",
				);
				MARKETING_VERSION = 1.1.4;
				PRODUCT_BUNDLE_IDENTIFIER = "com.chloe-lee.Habitto.HabittoWidget";
				PRODUCT_NAME = "$(TARGET_NAME)";
				SKIP_INSTALL = YES;
				STRING_CATALOG_GENERATE_SYMBOLS = YES;
				SWIFT_APPROACHABLE_CONCURRENCY = YES;
				SWIFT_EMIT_LOC_STRINGS = YES;
				SWIFT_UPCOMING_FEATURE_MEMBER_IMPORT_VISIBILITY = YES;
				SWIFT_VERSION = 5.0;
				TARGETED_DEVICE_FAMILY = "1,2";
			};
			name = Debug;
		};
		893628C92F139650006C927E /* Release configuration for PBXNativeTarget "HabittoWidgetExtension" */ = {
			isa = XCBuildConfiguration;
			buildSettings = {
				ASSETCATALOG_COMPILER_GLOBAL_ACCENT_COLOR_NAME = AccentColor;
				ASSETCATALOG_COMPILER_WIDGET_BACKGROUND_COLOR_NAME = WidgetBackground;
				CODE_SIGN_ENTITLEMENTS = HabittoWidgetExtension.entitlements;
				CODE_SIGN_IDENTITY = "Apple Development";
				CODE_SIGN_STYLE = Automatic;
				CURRENT_PROJECT_VERSION = 2;
				DEBUG_INFORMATION_FORMAT = "dwarf-with-dsym";
				DEVELOPMENT_TEAM = GVG7JYM6M8;
				GENERATE_INFOPLIST_FILE = YES;
				INFOPLIST_FILE = HabittoWidget/Info.plist;
				INFOPLIST_KEY_CFBundleDisplayName = HabittoWidget;
				INFOPLIST_KEY_NSHumanReadableCopyright = "";
				IPHONEOS_DEPLOYMENT_TARGET = 26.1;
				LD_RUNPATH_SEARCH_PATHS = (
					"$(inherited)",
					"@executable_path/Frameworks",
					"@executable_path/../../Frameworks",
				);
				MARKETING_VERSION = 1.1.4;
				PRODUCT_BUNDLE_IDENTIFIER = "com.chloe-lee.Habitto.HabittoWidget";
				PRODUCT_NAME = "$(TARGET_NAME)";
				SKIP_INSTALL = YES;
				STRING_CATALOG_GENERATE_SYMBOLS = YES;
				SWIFT_APPROACHABLE_CONCURRENCY = YES;
				SWIFT_EMIT_LOC_STRINGS = YES;
				SWIFT_UPCOMING_FEATURE_MEMBER_IMPORT_VISIBILITY = YES;
				SWIFT_VERSION = 5.0;
				TARGETED_DEVICE_FAMILY = "1,2";
			};
			name = Release;
		};
		89C17A402DF73D8C00B2480F /* Debug configuration for PBXProject "Habitto" */ = {
			isa = XCBuildConfiguration;
			buildSettings = {
				ALWAYS_SEARCH_USER_PATHS = NO;
				ASSETCATALOG_COMPILER_GENERATE_SWIFT_ASSET_SYMBOL_EXTENSIONS = YES;
				CLANG_ANALYZER_NONNULL = YES;
				CLANG_ANALYZER_NUMBER_OBJECT_CONVERSION = YES_AGGRESSIVE;
				CLANG_CXX_LANGUAGE_STANDARD = "gnu++20";
				CLANG_ENABLE_MODULES = YES;
				CLANG_ENABLE_OBJC_ARC = YES;
				CLANG_ENABLE_OBJC_WEAK = YES;
				CLANG_WARN_BLOCK_CAPTURE_AUTORELEASING = YES;
				CLANG_WARN_BOOL_CONVERSION = YES;
				CLANG_WARN_COMMA = YES;
				CLANG_WARN_CONSTANT_CONVERSION = YES;
				CLANG_WARN_DEPRECATED_OBJC_IMPLEMENTATIONS = YES;
				CLANG_WARN_DIRECT_OBJC_ISA_USAGE = YES_ERROR;
				CLANG_WARN_DOCUMENTATION_COMMENTS = YES;
				CLANG_WARN_EMPTY_BODY = YES;
				CLANG_WARN_ENUM_CONVERSION = YES;
				CLANG_WARN_INFINITE_RECURSION = YES;
				CLANG_WARN_INT_CONVERSION = YES;
				CLANG_WARN_NON_LITERAL_NULL_CONVERSION = YES;
				CLANG_WARN_OBJC_IMPLICIT_RETAIN_SELF = YES;
				CLANG_WARN_OBJC_LITERAL_CONVERSION = YES;
				CLANG_WARN_OBJC_ROOT_CLASS = YES_ERROR;
				CLANG_WARN_QUOTED_INCLUDE_IN_FRAMEWORK_HEADER = YES;
				CLANG_WARN_RANGE_LOOP_ANALYSIS = YES;
				CLANG_WARN_STRICT_PROTOTYPES = YES;
				CLANG_WARN_SUSPICIOUS_MOVE = YES;
				CLANG_WARN_UNGUARDED_AVAILABILITY = YES_AGGRESSIVE;
				CLANG_WARN_UNREACHABLE_CODE = YES;
				CLANG_WARN__DUPLICATE_METHOD_MATCH = YES;
				CODE_SIGN_ENTITLEMENTS = "";
				CODE_SIGN_IDENTITY = "Apple Development";
				COPY_PHASE_STRIP = NO;
				DEBUG_INFORMATION_FORMAT = dwarf;
				DEVELOPMENT_TEAM = 25GD72FQH7;
				ENABLE_STRICT_OBJC_MSGSEND = YES;
				ENABLE_TESTABILITY = YES;
				ENABLE_USER_SCRIPT_SANDBOXING = YES;
				GCC_C_LANGUAGE_STANDARD = gnu17;
				GCC_DYNAMIC_NO_PIC = NO;
				GCC_NO_COMMON_BLOCKS = YES;
				GCC_OPTIMIZATION_LEVEL = 0;
				GCC_PREPROCESSOR_DEFINITIONS = (
					"DEBUG=1",
					"$(inherited)",
				);
				GCC_WARN_64_TO_32_BIT_CONVERSION = YES;
				GCC_WARN_ABOUT_RETURN_TYPE = YES_ERROR;
				GCC_WARN_UNDECLARED_SELECTOR = YES;
				GCC_WARN_UNINITIALIZED_AUTOS = YES_AGGRESSIVE;
				GCC_WARN_UNUSED_FUNCTION = YES;
				GCC_WARN_UNUSED_VARIABLE = YES;
				IPHONEOS_DEPLOYMENT_TARGET = 18.4;
				LOCALIZATION_PREFERS_STRING_CATALOGS = YES;
				MTL_ENABLE_DEBUG_INFO = INCLUDE_SOURCE;
				MTL_FAST_MATH = YES;
				ONLY_ACTIVE_ARCH = YES;
				SDKROOT = iphoneos;
				STRING_CATALOG_GENERATE_SYMBOLS = YES;
				STRIP_DEBUG_SYMBOLS_DURING_COPY = NO;
				SWIFT_ACTIVE_COMPILATION_CONDITIONS = "DEBUG $(inherited)";
				SWIFT_OPTIMIZATION_LEVEL = "-Onone";
			};
			name = Debug;
		};
		89C17A412DF73D8C00B2480F /* Release configuration for PBXProject "Habitto" */ = {
			isa = XCBuildConfiguration;
			buildSettings = {
				ALWAYS_SEARCH_USER_PATHS = NO;
				ASSETCATALOG_COMPILER_GENERATE_SWIFT_ASSET_SYMBOL_EXTENSIONS = YES;
				CLANG_ANALYZER_NONNULL = YES;
				CLANG_ANALYZER_NUMBER_OBJECT_CONVERSION = YES_AGGRESSIVE;
				CLANG_CXX_LANGUAGE_STANDARD = "gnu++20";
				CLANG_ENABLE_MODULES = YES;
				CLANG_ENABLE_OBJC_ARC = YES;
				CLANG_ENABLE_OBJC_WEAK = YES;
				CLANG_WARN_BLOCK_CAPTURE_AUTORELEASING = YES;
				CLANG_WARN_BOOL_CONVERSION = YES;
				CLANG_WARN_COMMA = YES;
				CLANG_WARN_CONSTANT_CONVERSION = YES;
				CLANG_WARN_DEPRECATED_OBJC_IMPLEMENTATIONS = YES;
				CLANG_WARN_DIRECT_OBJC_ISA_USAGE = YES_ERROR;
				CLANG_WARN_DOCUMENTATION_COMMENTS = YES;
				CLANG_WARN_EMPTY_BODY = YES;
				CLANG_WARN_ENUM_CONVERSION = YES;
				CLANG_WARN_INFINITE_RECURSION = YES;
				CLANG_WARN_INT_CONVERSION = YES;
				CLANG_WARN_NON_LITERAL_NULL_CONVERSION = YES;
				CLANG_WARN_OBJC_IMPLICIT_RETAIN_SELF = YES;
				CLANG_WARN_OBJC_LITERAL_CONVERSION = YES;
				CLANG_WARN_OBJC_ROOT_CLASS = YES_ERROR;
				CLANG_WARN_QUOTED_INCLUDE_IN_FRAMEWORK_HEADER = YES;
				CLANG_WARN_RANGE_LOOP_ANALYSIS = YES;
				CLANG_WARN_STRICT_PROTOTYPES = YES;
				CLANG_WARN_SUSPICIOUS_MOVE = YES;
				CLANG_WARN_UNGUARDED_AVAILABILITY = YES_AGGRESSIVE;
				CLANG_WARN_UNREACHABLE_CODE = YES;
				CLANG_WARN__DUPLICATE_METHOD_MATCH = YES;
				CODE_SIGN_ENTITLEMENTS = "";
				CODE_SIGN_IDENTITY = "Apple Development";
				COPY_PHASE_STRIP = NO;
				DEBUG_INFORMATION_FORMAT = dwarf;
				DEVELOPMENT_TEAM = 25GD72FQH7;
				ENABLE_NS_ASSERTIONS = NO;
				ENABLE_STRICT_OBJC_MSGSEND = YES;
				ENABLE_USER_SCRIPT_SANDBOXING = YES;
				GCC_C_LANGUAGE_STANDARD = gnu17;
				GCC_NO_COMMON_BLOCKS = YES;
				GCC_WARN_64_TO_32_BIT_CONVERSION = YES;
				GCC_WARN_ABOUT_RETURN_TYPE = YES_ERROR;
				GCC_WARN_UNDECLARED_SELECTOR = YES;
				GCC_WARN_UNINITIALIZED_AUTOS = YES_AGGRESSIVE;
				GCC_WARN_UNUSED_FUNCTION = YES;
				GCC_WARN_UNUSED_VARIABLE = YES;
				IPHONEOS_DEPLOYMENT_TARGET = 18.4;
				LOCALIZATION_PREFERS_STRING_CATALOGS = YES;
				MTL_ENABLE_DEBUG_INFO = NO;
				MTL_FAST_MATH = YES;
				SDKROOT = iphoneos;
				STRING_CATALOG_GENERATE_SYMBOLS = YES;
				SWIFT_COMPILATION_MODE = wholemodule;
				VALIDATE_PRODUCT = YES;
			};
			name = Release;
		};
		89C17A432DF73D8C00B2480F /* Debug configuration for PBXNativeTarget "Habitto" */ = {
			isa = XCBuildConfiguration;
			buildSettings = {
				ASSETCATALOG_COMPILER_APPICON_NAME = HabittoAppIcon;
				ASSETCATALOG_COMPILER_GLOBAL_ACCENT_COLOR_NAME = AccentColor;
				ASSETCATALOG_COMPILER_INCLUDE_ALL_APPICON_ASSETS = YES;
				CODE_SIGN_ENTITLEMENTS = Habitto.entitlements;
				CODE_SIGN_IDENTITY = "Apple Development";
				CODE_SIGN_STYLE = Automatic;
				COPY_PHASE_STRIP = NO;
				CURRENT_PROJECT_VERSION = 2;
				DEBUG_INFORMATION_FORMAT = dwarf;
				DEVELOPMENT_TEAM = GVG7JYM6M8;
				DWARF_DSYM_FILE_SHOULD_ACCOMPANY_PRODUCT = YES;
				ENABLE_PREVIEWS = YES;
				GCC_GENERATE_DEBUGGING_SYMBOLS = YES;
				GENERATE_INFOPLIST_FILE = NO;
				INFOPLIST_FILE = "Config/App-Info.plist";
				INFOPLIST_KEY_CFBundleDisplayName = Habitto;
				INFOPLIST_KEY_LSApplicationCategoryType = "public.app-category.productivity";
				INFOPLIST_KEY_UIApplicationSceneManifest_Generation = YES;
				INFOPLIST_KEY_UIApplicationSupportsIndirectInputEvents = YES;
				INFOPLIST_KEY_UILaunchScreen_Generation = YES;
				INFOPLIST_KEY_UILaunchStoryboardName = SplashView.swift;
				INFOPLIST_KEY_UISupportedInterfaceOrientations = "UIInterfaceOrientationLandscapeLeft UIInterfaceOrientationLandscapeRight UIInterfaceOrientationPortrait UIInterfaceOrientationPortraitUpsideDown";
				INSTALL_PATH = "$(LOCAL_APPS_DIR)";
				IPHONEOS_DEPLOYMENT_TARGET = 18.0;
				LD_RUNPATH_SEARCH_PATHS = (
					"$(inherited)",
					"@executable_path/Frameworks",
				);
				MARKETING_VERSION = 1.1.4;
				OTHER_SWIFT_FLAGS = "$(inherited) -g";
				PRODUCT_BUNDLE_IDENTIFIER = "com.chloe-lee.Habitto";
				PRODUCT_NAME = "$(TARGET_NAME)";
				PRODUCT_TYPE = "com.apple.product-type.application";
				PROVISIONING_PROFILE_SPECIFIER = "";
				SEPARATE_DSYM = NO;
				SKIP_INSTALL = NO;
				STRIP_DEBUG_SYMBOLS_DURING_COPY = NO;
				SUPPORTED_PLATFORMS = "iphoneos iphonesimulator";
				SUPPORTS_MACCATALYST = NO;
				SUPPORTS_MAC_DESIGNED_FOR_IPHONE_IPAD = NO;
				SUPPORTS_XR_DESIGNED_FOR_IPHONE_IPAD = NO;
				SWIFT_EMIT_LOC_STRINGS = YES;
				SWIFT_GENERATE_DEBUGGING_SYMBOLS = YES;
				SWIFT_VERSION = 5.0;
				TARGETED_DEVICE_FAMILY = 1;
				com.apple.developer.applesignin = "$(PRODUCT_BUNDLE_IDENTIFIER)";
			};
			name = Debug;
		};
		89C17A442DF73D8C00B2480F /* Release configuration for PBXNativeTarget "Habitto" */ = {
			isa = XCBuildConfiguration;
			buildSettings = {
				ASSETCATALOG_COMPILER_APPICON_NAME = HabittoAppIcon;
				ASSETCATALOG_COMPILER_GLOBAL_ACCENT_COLOR_NAME = AccentColor;
				ASSETCATALOG_COMPILER_INCLUDE_ALL_APPICON_ASSETS = YES;
				CODE_SIGN_ENTITLEMENTS = HabittoRelease.entitlements;
				CODE_SIGN_IDENTITY = "Apple Development";
				CODE_SIGN_STYLE = Automatic;
				COPY_PHASE_STRIP = NO;
				CURRENT_PROJECT_VERSION = 2;
				DEBUG_INFORMATION_FORMAT = "dwarf-with-dsym";
				DEVELOPMENT_TEAM = GVG7JYM6M8;
				DWARF_DSYM_FILE_SHOULD_ACCOMPANY_PRODUCT = YES;
				ENABLE_PREVIEWS = YES;
				GCC_GENERATE_DEBUGGING_SYMBOLS = YES;
				GENERATE_INFOPLIST_FILE = NO;
				INFOPLIST_FILE = "Config/App-Info.plist";
				INFOPLIST_KEY_CFBundleDisplayName = Habitto;
				INFOPLIST_KEY_LSApplicationCategoryType = "public.app-category.productivity";
				INFOPLIST_KEY_UIApplicationSceneManifest_Generation = YES;
				INFOPLIST_KEY_UIApplicationSupportsIndirectInputEvents = YES;
				INFOPLIST_KEY_UILaunchScreen_Generation = YES;
				INFOPLIST_KEY_UILaunchStoryboardName = SplashView.swift;
				INFOPLIST_KEY_UISupportedInterfaceOrientations = "UIInterfaceOrientationLandscapeLeft UIInterfaceOrientationLandscapeRight UIInterfaceOrientationPortrait UIInterfaceOrientationPortraitUpsideDown";
				INSTALL_PATH = "$(LOCAL_APPS_DIR)";
				IPHONEOS_DEPLOYMENT_TARGET = 18.0;
				LD_RUNPATH_SEARCH_PATHS = (
					"$(inherited)",
					"@executable_path/Frameworks",
				);
				MARKETING_VERSION = 1.1.4;
				OTHER_SWIFT_FLAGS = "$(inherited) -g";
				PRODUCT_BUNDLE_IDENTIFIER = "com.chloe-lee.Habitto";
				PRODUCT_NAME = "$(TARGET_NAME)";
				PRODUCT_TYPE = "com.apple.product-type.application";
				PROVISIONING_PROFILE_SPECIFIER = "";
				SEPARATE_DSYM = YES;
				SKIP_INSTALL = NO;
				STRIP_DEBUG_SYMBOLS_DURING_COPY = NO;
				SUPPORTED_PLATFORMS = "iphoneos iphonesimulator";
				SUPPORTS_MACCATALYST = NO;
				SUPPORTS_MAC_DESIGNED_FOR_IPHONE_IPAD = NO;
				SUPPORTS_XR_DESIGNED_FOR_IPHONE_IPAD = NO;
				SWIFT_EMIT_LOC_STRINGS = YES;
				SWIFT_GENERATE_DEBUGGING_SYMBOLS = YES;
				SWIFT_VERSION = 5.0;
				TARGETED_DEVICE_FAMILY = 1;
				com.apple.developer.applesignin = "$(PRODUCT_BUNDLE_IDENTIFIER)";
			};
			name = Release;
		};
/* End XCBuildConfiguration section */

/* Begin XCConfigurationList section */
		893628CA2F139650006C927E /* Build configuration list for PBXNativeTarget "HabittoWidgetExtension" */ = {
			isa = XCConfigurationList;
			buildConfigurations = (
				893628C82F139650006C927E /* Debug configuration for PBXNativeTarget "HabittoWidgetExtension" */,
				893628C92F139650006C927E /* Release configuration for PBXNativeTarget "HabittoWidgetExtension" */,
			);
			defaultConfigurationName = Release;
		};
		89C17A322DF73D8A00B2480F /* Build configuration list for PBXProject "Habitto" */ = {
			isa = XCConfigurationList;
			buildConfigurations = (
				89C17A402DF73D8C00B2480F /* Debug configuration for PBXProject "Habitto" */,
				89C17A412DF73D8C00B2480F /* Release configuration for PBXProject "Habitto" */,
			);
			defaultConfigurationName = Release;
		};
		89C17A422DF73D8C00B2480F /* Build configuration list for PBXNativeTarget "Habitto" */ = {
			isa = XCConfigurationList;
			buildConfigurations = (
				89C17A432DF73D8C00B2480F /* Debug configuration for PBXNativeTarget "Habitto" */,
				89C17A442DF73D8C00B2480F /* Release configuration for PBXNativeTarget "Habitto" */,
			);
			defaultConfigurationName = Release;
		};
/* End XCConfigurationList section */

/* Begin XCRemoteSwiftPackageReference section */
		8935E7852E7C2204004BF684 /* XCRemoteSwiftPackageReference "lottie-spm" */ = {
			isa = XCRemoteSwiftPackageReference;
			repositoryURL = "https://github.com/airbnb/lottie-spm.git";
			requirement = {
				kind = upToNextMajorVersion;
				minimumVersion = 4.5.2;
			};
		};
		8935E7882E7C2260004BF684 /* XCRemoteSwiftPackageReference "firebase-ios-sdk" */ = {
			isa = XCRemoteSwiftPackageReference;
			repositoryURL = "https://github.com/firebase/firebase-ios-sdk";
			requirement = {
				kind = upToNextMajorVersion;
				minimumVersion = 12.3.0;
			};
		};
		8935E7912E7C2278004BF684 /* XCRemoteSwiftPackageReference "GoogleSignIn-iOS" */ = {
			isa = XCRemoteSwiftPackageReference;
			repositoryURL = "https://github.com/google/GoogleSignIn-iOS";
			requirement = {
				kind = upToNextMajorVersion;
				minimumVersion = 9.0.0;
			};
		};
		89383AA92E919C8800AF39E5 /* XCRemoteSwiftPackageReference "Popups" */ = {
			isa = XCRemoteSwiftPackageReference;
			repositoryURL = "https://github.com/Mijick/Popups.git";
			requirement = {
				kind = upToNextMajorVersion;
				minimumVersion = 4.0.2;
			};
		};
/* End XCRemoteSwiftPackageReference section */

/* Begin XCSwiftPackageProductDependency section */
		8935E7862E7C2204004BF684 /* Lottie */ = {
			isa = XCSwiftPackageProductDependency;
			package = 8935E7852E7C2204004BF684 /* XCRemoteSwiftPackageReference "lottie-spm" */;
			productName = Lottie;
		};
		8935E78B2E7C2260004BF684 /* FirebaseAuth */ = {
			isa = XCSwiftPackageProductDependency;
			package = 8935E7882E7C2260004BF684 /* XCRemoteSwiftPackageReference "firebase-ios-sdk" */;
			productName = FirebaseAuth;
		};
		8935E78D2E7C2260004BF684 /* FirebaseCore */ = {
			isa = XCSwiftPackageProductDependency;
			package = 8935E7882E7C2260004BF684 /* XCRemoteSwiftPackageReference "firebase-ios-sdk" */;
			productName = FirebaseCore;
		};
		8935E7922E7C2278004BF684 /* GoogleSignIn */ = {
			isa = XCSwiftPackageProductDependency;
			package = 8935E7912E7C2278004BF684 /* XCRemoteSwiftPackageReference "GoogleSignIn-iOS" */;
			productName = GoogleSignIn;
		};
		89383AAA2E919C8800AF39E5 /* MijickPopups */ = {
			isa = XCSwiftPackageProductDependency;
			package = 89383AA92E919C8800AF39E5 /* XCRemoteSwiftPackageReference "Popups" */;
			productName = MijickPopups;
		};
		8980C1502E9AA91C00E491FB /* FirebaseCrashlytics */ = {
			isa = XCSwiftPackageProductDependency;
			package = 8935E7882E7C2260004BF684 /* XCRemoteSwiftPackageReference "firebase-ios-sdk" */;
			productName = FirebaseCrashlytics;
		};
		8980C1522E9AA92400E491FB /* FirebaseRemoteConfig */ = {
			isa = XCSwiftPackageProductDependency;
			package = 8935E7882E7C2260004BF684 /* XCRemoteSwiftPackageReference "firebase-ios-sdk" */;
			productName = FirebaseRemoteConfig;
		};
		8980C2162E9F880500E491FB /* FirebaseFirestore */ = {
			isa = XCSwiftPackageProductDependency;
			package = 8935E7882E7C2260004BF684 /* XCRemoteSwiftPackageReference "firebase-ios-sdk" */;
			productName = FirebaseFirestore;
		};
/* End XCSwiftPackageProductDependency section */
	};
	rootObject = 89C17A2F2DF73D8A00B2480F /* Project object */;
}
